// !$*UTF8*$!
{
	archiveVersion = 1;
	classes = {
	};
	objectVersion = 46;
	objects = {

/* Begin PBXAggregateTarget section */
		BE73D2F31D2F641A0045202B /* OCLint */ = {
			isa = PBXAggregateTarget;
			buildConfigurationList = BE73D2F41D2F641A0045202B /* Build configuration list for PBXAggregateTarget "OCLint" */;
			buildPhases = (
				BE73D2F71D2F645A0045202B /* ShellScript */,
			);
			dependencies = (
			);
			name = OCLint;
			productName = OCLint;
		};
/* End PBXAggregateTarget section */

/* Begin PBXBuildFile section */
		BE2009651BCA27AE00A9E8A0 /* RGXMLNodeSpec.m in Sources */ = {isa = PBXBuildFile; fileRef = BE2009641BCA27AE00A9E8A0 /* RGXMLNodeSpec.m */; };
		BE2009691BCC29A900A9E8A0 /* NSObject+RGDeserializationSpec.m in Sources */ = {isa = PBXBuildFile; fileRef = BE2009681BCC29A900A9E8A0 /* NSObject+RGDeserializationSpec.m */; };
		BE3636CF1C51C79700A2E00A /* CoreData.framework in Frameworks */ = {isa = PBXBuildFile; fileRef = BE3636CE1C51C79700A2E00A /* CoreData.framework */; };
		BE3636D31C51C80A00A2E00A /* RGTestManagedObject.m in Sources */ = {isa = PBXBuildFile; fileRef = BE3636D21C51C80A00A2E00A /* RGTestManagedObject.m */; };
		BE3636D61C51D09B00A2E00A /* RGBartStation.m in Sources */ = {isa = PBXBuildFile; fileRef = BE3636D51C51D09B00A2E00A /* RGBartStation.m */; };
		BE4237481C647416003E47DF /* RGTestObject5.m in Sources */ = {isa = PBXBuildFile; fileRef = BE4237471C647416003E47DF /* RGTestObject5.m */; };
		BE4522DC1D2E2AD400EBAF97 /* RestGoateeCore.h in Headers */ = {isa = PBXBuildFile; fileRef = BE4522DA1D2E2A9300EBAF97 /* RestGoateeCore.h */; settings = {ATTRIBUTES = (Public, ); }; };
		BE4522DD1D2E2AD500EBAF97 /* RestGoateeCore.h in Headers */ = {isa = PBXBuildFile; fileRef = BE4522DA1D2E2A9300EBAF97 /* RestGoateeCore.h */; settings = {ATTRIBUTES = (Public, ); }; };
		BE4522DE1D2E2AD600EBAF97 /* RestGoateeCore.h in Headers */ = {isa = PBXBuildFile; fileRef = BE4522DA1D2E2A9300EBAF97 /* RestGoateeCore.h */; settings = {ATTRIBUTES = (Public, ); }; };
		BE4522DF1D2E2AD700EBAF97 /* RestGoateeCore.h in Headers */ = {isa = PBXBuildFile; fileRef = BE4522DA1D2E2A9300EBAF97 /* RestGoateeCore.h */; settings = {ATTRIBUTES = (Public, ); }; };
		BE49D5C21D793E2D00EC21DF /* NSObject+RGStringValue.h in Headers */ = {isa = PBXBuildFile; fileRef = BE49D5C01D793E2D00EC21DF /* NSObject+RGStringValue.h */; settings = {ATTRIBUTES = (Public, ); }; };
		BE49D5C31D793E2D00EC21DF /* NSObject+RGStringValue.h in Headers */ = {isa = PBXBuildFile; fileRef = BE49D5C01D793E2D00EC21DF /* NSObject+RGStringValue.h */; settings = {ATTRIBUTES = (Public, ); }; };
		BE49D5C41D793E2D00EC21DF /* NSObject+RGStringValue.h in Headers */ = {isa = PBXBuildFile; fileRef = BE49D5C01D793E2D00EC21DF /* NSObject+RGStringValue.h */; settings = {ATTRIBUTES = (Public, ); }; };
		BE49D5C51D793E2D00EC21DF /* NSObject+RGStringValue.h in Headers */ = {isa = PBXBuildFile; fileRef = BE49D5C01D793E2D00EC21DF /* NSObject+RGStringValue.h */; settings = {ATTRIBUTES = (Public, ); }; };
		BE49D5C61D793E2D00EC21DF /* NSObject+RGStringValue.m in Sources */ = {isa = PBXBuildFile; fileRef = BE49D5C11D793E2D00EC21DF /* NSObject+RGStringValue.m */; };
		BE49D5C71D793E2D00EC21DF /* NSObject+RGStringValue.m in Sources */ = {isa = PBXBuildFile; fileRef = BE49D5C11D793E2D00EC21DF /* NSObject+RGStringValue.m */; };
		BE49D5C81D793E2D00EC21DF /* NSObject+RGStringValue.m in Sources */ = {isa = PBXBuildFile; fileRef = BE49D5C11D793E2D00EC21DF /* NSObject+RGStringValue.m */; };
		BE49D5C91D793E2D00EC21DF /* NSObject+RGStringValue.m in Sources */ = {isa = PBXBuildFile; fileRef = BE49D5C11D793E2D00EC21DF /* NSObject+RGStringValue.m */; };
		BE49D5CB1D79425900EC21DF /* NSObject+RGStringValueSpec.m in Sources */ = {isa = PBXBuildFile; fileRef = BE49D5CA1D79425900EC21DF /* NSObject+RGStringValueSpec.m */; };
		BE54D7F71D226067004CDCEA /* RestGoateeCoreiOS.framework in Frameworks */ = {isa = PBXBuildFile; fileRef = BE9031D11D22582F00EAA44D /* RestGoateeCoreiOS.framework */; };
		BE5B37D11C6C5CDF0093AA02 /* RGTest.m in Sources */ = {isa = PBXBuildFile; fileRef = BE5B37D01C6C5CDF0093AA02 /* RGTest.m */; };
		BE637B7D1BFEA141000E25E8 /* RGPropertyDeclarationSpec.m in Sources */ = {isa = PBXBuildFile; fileRef = BE637B7C1BFEA141000E25E8 /* RGPropertyDeclarationSpec.m */; };
		BE637B801BFEA4FE000E25E8 /* RestGoatee-CoreSpec.m in Sources */ = {isa = PBXBuildFile; fileRef = BE637B7F1BFEA4FE000E25E8 /* RestGoatee-CoreSpec.m */; };
		BE63EE6F1C646F0B00D451D2 /* RGTestObject3.m in Sources */ = {isa = PBXBuildFile; fileRef = BE63EE6E1C646F0B00D451D2 /* RGTestObject3.m */; };
		BE63EE721C64711200D451D2 /* RGTestObject4.m in Sources */ = {isa = PBXBuildFile; fileRef = BE63EE711C64711200D451D2 /* RGTestObject4.m */; };
		BE68CA661BCF631200DFEC70 /* RGTestObject2.m in Sources */ = {isa = PBXBuildFile; fileRef = BE68CA631BCF631200DFEC70 /* RGTestObject2.m */; };
		BE68CA671BCF631200DFEC70 /* RGTestObject1.m in Sources */ = {isa = PBXBuildFile; fileRef = BE68CA651BCF631200DFEC70 /* RGTestObject1.m */; };
		BE7917921CF7E8DF009B366E /* NSObject+RGBadInit.m in Sources */ = {isa = PBXBuildFile; fileRef = BE7917911CF7E8DF009B366E /* NSObject+RGBadInit.m */; };
		BE9031D91D22585A00EAA44D /* RestGoatee-Core.h in Headers */ = {isa = PBXBuildFile; fileRef = BEAB13B61BBDB4960027300D /* RestGoatee-Core.h */; settings = {ATTRIBUTES = (Public, ); }; };
		BE9031DA1D22585F00EAA44D /* RGDefines.h in Headers */ = {isa = PBXBuildFile; fileRef = BEAE72311BD9725900F23ABE /* RGDefines.h */; settings = {ATTRIBUTES = (Public, ); }; };
		BE9031DB1D22587B00EAA44D /* RGDataSource.h in Headers */ = {isa = PBXBuildFile; fileRef = BE20096B1BCC2AA700A9E8A0 /* RGDataSource.h */; settings = {ATTRIBUTES = (Public, ); }; };
		BE9031DC1D22587E00EAA44D /* RGDeserializable.h in Headers */ = {isa = PBXBuildFile; fileRef = BE20096C1BCC2B1F00A9E8A0 /* RGDeserializable.h */; settings = {ATTRIBUTES = (Public, ); }; };
		BE9031DD1D22588900EAA44D /* RGSerializable.h in Headers */ = {isa = PBXBuildFile; fileRef = BEB758371BE2134700102415 /* RGSerializable.h */; settings = {ATTRIBUTES = (Public, ); }; };
		BE9031DE1D22588D00EAA44D /* RGPropertyDeclaration.h in Headers */ = {isa = PBXBuildFile; fileRef = BE7A6FB31BE2FEDA009F5A4F /* RGPropertyDeclaration.h */; settings = {ATTRIBUTES = (Private, ); }; };
		BE9031DF1D22589000EAA44D /* RGPropertyDeclaration.m in Sources */ = {isa = PBXBuildFile; fileRef = BE7A6FB41BE2FEDA009F5A4F /* RGPropertyDeclaration.m */; };
		BE9031E11D22589500EAA44D /* RGXMLNode.h in Headers */ = {isa = PBXBuildFile; fileRef = BEAB13C01BBDB4960027300D /* RGXMLNode.h */; settings = {ATTRIBUTES = (Public, ); }; };
		BE9031E21D22589B00EAA44D /* RGXMLNode.m in Sources */ = {isa = PBXBuildFile; fileRef = BEAB13C11BBDB4960027300D /* RGXMLNode.m */; };
		BE9031E31D22589D00EAA44D /* RGXMLSerializer.h in Headers */ = {isa = PBXBuildFile; fileRef = BEAB13C41BBDB4960027300D /* RGXMLSerializer.h */; settings = {ATTRIBUTES = (Public, ); }; };
		BE9031E41D2258A200EAA44D /* RGXMLSerializer.m in Sources */ = {isa = PBXBuildFile; fileRef = BEAB13C51BBDB4960027300D /* RGXMLSerializer.m */; };
		BE9031E51D2258A500EAA44D /* NSDictionary+RGDataSource.h in Headers */ = {isa = PBXBuildFile; fileRef = BEAB13C21BBDB4960027300D /* NSDictionary+RGDataSource.h */; settings = {ATTRIBUTES = (Public, ); }; };
		BE9031E61D2258B200EAA44D /* NSObject+RGDeserialization.h in Headers */ = {isa = PBXBuildFile; fileRef = BEAB13B81BBDB4960027300D /* NSObject+RGDeserialization.h */; settings = {ATTRIBUTES = (Public, ); }; };
		BE9031E71D2258B900EAA44D /* NSObject+RGDeserialization.m in Sources */ = {isa = PBXBuildFile; fileRef = BEAB13B91BBDB4960027300D /* NSObject+RGDeserialization.m */; };
		BE9031E81D2258BC00EAA44D /* NSObject+RGSerialization.h in Headers */ = {isa = PBXBuildFile; fileRef = BEAB13BC1BBDB4960027300D /* NSObject+RGSerialization.h */; settings = {ATTRIBUTES = (Public, ); }; };
		BE9031E91D2258C500EAA44D /* NSObject+RGSerialization.m in Sources */ = {isa = PBXBuildFile; fileRef = BEAB13BD1BBDB4960027300D /* NSObject+RGSerialization.m */; };
		BE9031EA1D2258CA00EAA44D /* NSObject+RGSharedImpl.h in Headers */ = {isa = PBXBuildFile; fileRef = BEAB13BE1BBDB4960027300D /* NSObject+RGSharedImpl.h */; settings = {ATTRIBUTES = (Private, ); }; };
		BE9031EB1D2258CE00EAA44D /* NSObject+RGSharedImpl.m in Sources */ = {isa = PBXBuildFile; fileRef = BEAB13BF1BBDB4960027300D /* NSObject+RGSharedImpl.m */; };
		BE9031EC1D2258D200EAA44D /* RGConstants.h in Headers */ = {isa = PBXBuildFile; fileRef = BE93BB531C5204360043BAAD /* RGConstants.h */; settings = {ATTRIBUTES = (Public, ); }; };
		BE9031ED1D2258D800EAA44D /* RGConstants.m in Sources */ = {isa = PBXBuildFile; fileRef = BE93BB541C5204360043BAAD /* RGConstants.m */; };
		BE9031EE1D2258DD00EAA44D /* RGFunctions.h in Headers */ = {isa = PBXBuildFile; fileRef = BE93BB561C52045A0043BAAD /* RGFunctions.h */; settings = {ATTRIBUTES = (Public, ); }; };
		BE9031EF1D2258E300EAA44D /* RGFunctions.m in Sources */ = {isa = PBXBuildFile; fileRef = BE93BB571C52045A0043BAAD /* RGFunctions.m */; };
		BEEC23711C47848900588655 /* NSObject+RGSerializationSpec.m in Sources */ = {isa = PBXBuildFile; fileRef = BEEC23701C47848900588655 /* NSObject+RGSerializationSpec.m */; };
		BEF4BE621BD4A0B600ACDAF7 /* RGXMLSerializerSpec.m in Sources */ = {isa = PBXBuildFile; fileRef = BEF4BE611BD4A0B600ACDAF7 /* RGXMLSerializerSpec.m */; };
		BEF4BE641BD4B24A00ACDAF7 /* RGDataSourceSpec.m in Sources */ = {isa = PBXBuildFile; fileRef = BEF4BE631BD4B24A00ACDAF7 /* RGDataSourceSpec.m */; };
		BEF4BE691BD4BEE100ACDAF7 /* RGDeserializableSpec.m in Sources */ = {isa = PBXBuildFile; fileRef = BEF4BE681BD4BEE100ACDAF7 /* RGDeserializableSpec.m */; };
		BEF4BE6D1BD58BFC00ACDAF7 /* NSObject+RGSharedImplSpec.m in Sources */ = {isa = PBXBuildFile; fileRef = BEF4BE6C1BD58BFC00ACDAF7 /* NSObject+RGSharedImplSpec.m */; };
/* End PBXBuildFile section */

/* Begin PBXContainerItemProxy section */
		BE54D7F81D22606E004CDCEA /* PBXContainerItemProxy */ = {
			isa = PBXContainerItemProxy;
			containerPortal = BEFFB8391BBDB15900EAF95D /* Project object */;
			proxyType = 1;
			remoteGlobalIDString = BE9031D01D22582F00EAA44D;
			remoteInfo = RestGoateeCore;
		};
/* End PBXContainerItemProxy section */

/* Begin PBXFileReference section */
		BE119C251D2CDB840005E1D2 /* RestGoateeCoreOSX.framework */ = {isa = PBXFileReference; explicitFileType = wrapper.framework; includeInIndex = 0; path = RestGoateeCoreOSX.framework; sourceTree = BUILT_PRODUCTS_DIR; };
		BE119C321D2CDB930005E1D2 /* RestGoateeCoretvOS.framework */ = {isa = PBXFileReference; explicitFileType = wrapper.framework; includeInIndex = 0; path = RestGoateeCoretvOS.framework; sourceTree = BUILT_PRODUCTS_DIR; };
		BE119C3F1D2CDBB60005E1D2 /* RestGoateeCorewatchOS.framework */ = {isa = PBXFileReference; explicitFileType = wrapper.framework; includeInIndex = 0; path = RestGoateeCorewatchOS.framework; sourceTree = BUILT_PRODUCTS_DIR; };
		BE2009541BCA252000A9E8A0 /* RestGoatee-Core-Tests.xctest */ = {isa = PBXFileReference; explicitFileType = wrapper.cfbundle; includeInIndex = 0; path = "RestGoatee-Core-Tests.xctest"; sourceTree = BUILT_PRODUCTS_DIR; };
		BE2009571BCA252000A9E8A0 /* Info.plist */ = {isa = PBXFileReference; lastKnownFileType = text.plist.xml; path = Info.plist; sourceTree = "<group>"; };
		BE2009631BCA265F00A9E8A0 /* RestGoatee-Core-Tests.pch */ = {isa = PBXFileReference; lastKnownFileType = sourcecode.c.h; path = "RestGoatee-Core-Tests.pch"; sourceTree = "<group>"; };
		BE2009641BCA27AE00A9E8A0 /* RGXMLNodeSpec.m */ = {isa = PBXFileReference; fileEncoding = 4; lastKnownFileType = sourcecode.c.objc; path = RGXMLNodeSpec.m; sourceTree = "<group>"; };
		BE2009681BCC29A900A9E8A0 /* NSObject+RGDeserializationSpec.m */ = {isa = PBXFileReference; fileEncoding = 4; lastKnownFileType = sourcecode.c.objc; path = "NSObject+RGDeserializationSpec.m"; sourceTree = "<group>"; };
		BE20096B1BCC2AA700A9E8A0 /* RGDataSource.h */ = {isa = PBXFileReference; lastKnownFileType = sourcecode.c.h; path = RGDataSource.h; sourceTree = "<group>"; };
		BE20096C1BCC2B1F00A9E8A0 /* RGDeserializable.h */ = {isa = PBXFileReference; lastKnownFileType = sourcecode.c.h; path = RGDeserializable.h; sourceTree = "<group>"; };
		BE3636CE1C51C79700A2E00A /* CoreData.framework */ = {isa = PBXFileReference; lastKnownFileType = wrapper.framework; name = CoreData.framework; path = System/Library/Frameworks/CoreData.framework; sourceTree = SDKROOT; };
		BE3636D11C51C80A00A2E00A /* RGTestManagedObject.h */ = {isa = PBXFileReference; fileEncoding = 4; lastKnownFileType = sourcecode.c.h; path = RGTestManagedObject.h; sourceTree = "<group>"; };
		BE3636D21C51C80A00A2E00A /* RGTestManagedObject.m */ = {isa = PBXFileReference; fileEncoding = 4; lastKnownFileType = sourcecode.c.objc; path = RGTestManagedObject.m; sourceTree = "<group>"; };
		BE3636D41C51D09B00A2E00A /* RGBartStation.h */ = {isa = PBXFileReference; fileEncoding = 4; lastKnownFileType = sourcecode.c.h; path = RGBartStation.h; sourceTree = "<group>"; };
		BE3636D51C51D09B00A2E00A /* RGBartStation.m */ = {isa = PBXFileReference; fileEncoding = 4; lastKnownFileType = sourcecode.c.objc; path = RGBartStation.m; sourceTree = "<group>"; };
		BE4237461C647416003E47DF /* RGTestObject5.h */ = {isa = PBXFileReference; fileEncoding = 4; lastKnownFileType = sourcecode.c.h; path = RGTestObject5.h; sourceTree = "<group>"; };
		BE4237471C647416003E47DF /* RGTestObject5.m */ = {isa = PBXFileReference; fileEncoding = 4; lastKnownFileType = sourcecode.c.objc; path = RGTestObject5.m; sourceTree = "<group>"; };
		BE4522D81D2E2A9300EBAF97 /* Info.plist */ = {isa = PBXFileReference; fileEncoding = 4; lastKnownFileType = text.plist.xml; name = Info.plist; path = Framework/Info.plist; sourceTree = "<group>"; };
		BE4522D91D2E2A9300EBAF97 /* module.modulemap */ = {isa = PBXFileReference; fileEncoding = 4; lastKnownFileType = "sourcecode.module-map"; name = module.modulemap; path = Framework/module.modulemap; sourceTree = "<group>"; };
		BE4522DA1D2E2A9300EBAF97 /* RestGoateeCore.h */ = {isa = PBXFileReference; fileEncoding = 4; lastKnownFileType = sourcecode.c.h; name = RestGoateeCore.h; path = Framework/RestGoateeCore.h; sourceTree = "<group>"; };
		BE49D5C01D793E2D00EC21DF /* NSObject+RGStringValue.h */ = {isa = PBXFileReference; fileEncoding = 4; lastKnownFileType = sourcecode.c.h; path = "NSObject+RGStringValue.h"; sourceTree = "<group>"; };
		BE49D5C11D793E2D00EC21DF /* NSObject+RGStringValue.m */ = {isa = PBXFileReference; fileEncoding = 4; lastKnownFileType = sourcecode.c.objc; path = "NSObject+RGStringValue.m"; sourceTree = "<group>"; };
		BE49D5CA1D79425900EC21DF /* NSObject+RGStringValueSpec.m */ = {isa = PBXFileReference; fileEncoding = 4; lastKnownFileType = sourcecode.c.objc; path = "NSObject+RGStringValueSpec.m"; sourceTree = "<group>"; };
		BE5B37CF1C6C5CDF0093AA02 /* RGTest.h */ = {isa = PBXFileReference; fileEncoding = 4; lastKnownFileType = sourcecode.c.h; path = RGTest.h; sourceTree = "<group>"; };
		BE5B37D01C6C5CDF0093AA02 /* RGTest.m */ = {isa = PBXFileReference; fileEncoding = 4; lastKnownFileType = sourcecode.c.objc; path = RGTest.m; sourceTree = "<group>"; };
		BE637B7C1BFEA141000E25E8 /* RGPropertyDeclarationSpec.m */ = {isa = PBXFileReference; fileEncoding = 4; lastKnownFileType = sourcecode.c.objc; path = RGPropertyDeclarationSpec.m; sourceTree = "<group>"; };
		BE637B7F1BFEA4FE000E25E8 /* RestGoatee-CoreSpec.m */ = {isa = PBXFileReference; fileEncoding = 4; lastKnownFileType = sourcecode.c.objc; path = "RestGoatee-CoreSpec.m"; sourceTree = "<group>"; };
		BE63EE6D1C646F0B00D451D2 /* RGTestObject3.h */ = {isa = PBXFileReference; fileEncoding = 4; lastKnownFileType = sourcecode.c.h; path = RGTestObject3.h; sourceTree = "<group>"; };
		BE63EE6E1C646F0B00D451D2 /* RGTestObject3.m */ = {isa = PBXFileReference; fileEncoding = 4; lastKnownFileType = sourcecode.c.objc; path = RGTestObject3.m; sourceTree = "<group>"; };
		BE63EE701C64711200D451D2 /* RGTestObject4.h */ = {isa = PBXFileReference; fileEncoding = 4; lastKnownFileType = sourcecode.c.h; path = RGTestObject4.h; sourceTree = "<group>"; };
		BE63EE711C64711200D451D2 /* RGTestObject4.m */ = {isa = PBXFileReference; fileEncoding = 4; lastKnownFileType = sourcecode.c.objc; path = RGTestObject4.m; sourceTree = "<group>"; };
		BE68CA621BCF631200DFEC70 /* RGTestObject1.h */ = {isa = PBXFileReference; fileEncoding = 4; lastKnownFileType = sourcecode.c.h; path = RGTestObject1.h; sourceTree = "<group>"; };
		BE68CA631BCF631200DFEC70 /* RGTestObject2.m */ = {isa = PBXFileReference; fileEncoding = 4; lastKnownFileType = sourcecode.c.objc; path = RGTestObject2.m; sourceTree = "<group>"; };
		BE68CA641BCF631200DFEC70 /* RGTestObject2.h */ = {isa = PBXFileReference; fileEncoding = 4; lastKnownFileType = sourcecode.c.h; path = RGTestObject2.h; sourceTree = "<group>"; };
		BE68CA651BCF631200DFEC70 /* RGTestObject1.m */ = {isa = PBXFileReference; fileEncoding = 4; lastKnownFileType = sourcecode.c.objc; path = RGTestObject1.m; sourceTree = "<group>"; };
		BE7917901CF7E8DF009B366E /* NSObject+RGBadInit.h */ = {isa = PBXFileReference; fileEncoding = 4; lastKnownFileType = sourcecode.c.h; path = "NSObject+RGBadInit.h"; sourceTree = "<group>"; };
		BE7917911CF7E8DF009B366E /* NSObject+RGBadInit.m */ = {isa = PBXFileReference; fileEncoding = 4; lastKnownFileType = sourcecode.c.objc; path = "NSObject+RGBadInit.m"; sourceTree = "<group>"; };
		BE7A6FB31BE2FEDA009F5A4F /* RGPropertyDeclaration.h */ = {isa = PBXFileReference; fileEncoding = 4; lastKnownFileType = sourcecode.c.h; path = RGPropertyDeclaration.h; sourceTree = "<group>"; };
		BE7A6FB41BE2FEDA009F5A4F /* RGPropertyDeclaration.m */ = {isa = PBXFileReference; fileEncoding = 4; lastKnownFileType = sourcecode.c.objc; path = RGPropertyDeclaration.m; sourceTree = "<group>"; };
		BE9031D11D22582F00EAA44D /* RestGoateeCoreiOS.framework */ = {isa = PBXFileReference; explicitFileType = wrapper.framework; includeInIndex = 0; path = RestGoateeCoreiOS.framework; sourceTree = BUILT_PRODUCTS_DIR; };
		BE93BB531C5204360043BAAD /* RGConstants.h */ = {isa = PBXFileReference; fileEncoding = 4; lastKnownFileType = sourcecode.c.h; path = RGConstants.h; sourceTree = "<group>"; };
		BE93BB541C5204360043BAAD /* RGConstants.m */ = {isa = PBXFileReference; fileEncoding = 4; lastKnownFileType = sourcecode.c.objc; path = RGConstants.m; sourceTree = "<group>"; };
		BE93BB561C52045A0043BAAD /* RGFunctions.h */ = {isa = PBXFileReference; fileEncoding = 4; lastKnownFileType = sourcecode.c.h; path = RGFunctions.h; sourceTree = "<group>"; };
		BE93BB571C52045A0043BAAD /* RGFunctions.m */ = {isa = PBXFileReference; fileEncoding = 4; lastKnownFileType = sourcecode.c.objc; path = RGFunctions.m; sourceTree = "<group>"; };
		BEAB13B51BBDB45A0027300D /* RestGoatee-Core.podspec */ = {isa = PBXFileReference; explicitFileType = text.script.ruby; fileEncoding = 4; path = "RestGoatee-Core.podspec"; sourceTree = "<group>"; };
		BEAB13B61BBDB4960027300D /* RestGoatee-Core.h */ = {isa = PBXFileReference; fileEncoding = 4; lastKnownFileType = sourcecode.c.h; path = "RestGoatee-Core.h"; sourceTree = "<group>"; };
		BEAB13B81BBDB4960027300D /* NSObject+RGDeserialization.h */ = {isa = PBXFileReference; fileEncoding = 4; lastKnownFileType = sourcecode.c.h; path = "NSObject+RGDeserialization.h"; sourceTree = "<group>"; };
		BEAB13B91BBDB4960027300D /* NSObject+RGDeserialization.m */ = {isa = PBXFileReference; fileEncoding = 4; lastKnownFileType = sourcecode.c.objc; path = "NSObject+RGDeserialization.m"; sourceTree = "<group>"; };
		BEAB13BC1BBDB4960027300D /* NSObject+RGSerialization.h */ = {isa = PBXFileReference; fileEncoding = 4; lastKnownFileType = sourcecode.c.h; path = "NSObject+RGSerialization.h"; sourceTree = "<group>"; };
		BEAB13BD1BBDB4960027300D /* NSObject+RGSerialization.m */ = {isa = PBXFileReference; fileEncoding = 4; lastKnownFileType = sourcecode.c.objc; path = "NSObject+RGSerialization.m"; sourceTree = "<group>"; };
		BEAB13BE1BBDB4960027300D /* NSObject+RGSharedImpl.h */ = {isa = PBXFileReference; fileEncoding = 4; lastKnownFileType = sourcecode.c.h; path = "NSObject+RGSharedImpl.h"; sourceTree = "<group>"; };
		BEAB13BF1BBDB4960027300D /* NSObject+RGSharedImpl.m */ = {isa = PBXFileReference; fileEncoding = 4; lastKnownFileType = sourcecode.c.objc; path = "NSObject+RGSharedImpl.m"; sourceTree = "<group>"; };
		BEAB13C01BBDB4960027300D /* RGXMLNode.h */ = {isa = PBXFileReference; fileEncoding = 4; lastKnownFileType = sourcecode.c.h; path = RGXMLNode.h; sourceTree = "<group>"; };
		BEAB13C11BBDB4960027300D /* RGXMLNode.m */ = {isa = PBXFileReference; fileEncoding = 4; lastKnownFileType = sourcecode.c.objc; path = RGXMLNode.m; sourceTree = "<group>"; };
		BEAB13C21BBDB4960027300D /* NSDictionary+RGDataSource.h */ = {isa = PBXFileReference; fileEncoding = 4; lastKnownFileType = sourcecode.c.h; path = "NSDictionary+RGDataSource.h"; sourceTree = "<group>"; };
		BEAB13C41BBDB4960027300D /* RGXMLSerializer.h */ = {isa = PBXFileReference; fileEncoding = 4; lastKnownFileType = sourcecode.c.h; path = RGXMLSerializer.h; sourceTree = "<group>"; };
		BEAB13C51BBDB4960027300D /* RGXMLSerializer.m */ = {isa = PBXFileReference; fileEncoding = 4; lastKnownFileType = sourcecode.c.objc; path = RGXMLSerializer.m; sourceTree = "<group>"; };
		BEAE72311BD9725900F23ABE /* RGDefines.h */ = {isa = PBXFileReference; fileEncoding = 4; lastKnownFileType = sourcecode.c.h; path = RGDefines.h; sourceTree = "<group>"; };
		BEB758371BE2134700102415 /* RGSerializable.h */ = {isa = PBXFileReference; lastKnownFileType = sourcecode.c.h; path = RGSerializable.h; sourceTree = "<group>"; };
		BEEC23701C47848900588655 /* NSObject+RGSerializationSpec.m */ = {isa = PBXFileReference; fileEncoding = 4; lastKnownFileType = sourcecode.c.objc; path = "NSObject+RGSerializationSpec.m"; sourceTree = "<group>"; };
		BEF4BE611BD4A0B600ACDAF7 /* RGXMLSerializerSpec.m */ = {isa = PBXFileReference; fileEncoding = 4; lastKnownFileType = sourcecode.c.objc; path = RGXMLSerializerSpec.m; sourceTree = "<group>"; };
		BEF4BE631BD4B24A00ACDAF7 /* RGDataSourceSpec.m */ = {isa = PBXFileReference; fileEncoding = 4; lastKnownFileType = sourcecode.c.objc; path = RGDataSourceSpec.m; sourceTree = "<group>"; };
		BEF4BE681BD4BEE100ACDAF7 /* RGDeserializableSpec.m */ = {isa = PBXFileReference; fileEncoding = 4; lastKnownFileType = sourcecode.c.objc; path = RGDeserializableSpec.m; sourceTree = "<group>"; };
		BEF4BE6C1BD58BFC00ACDAF7 /* NSObject+RGSharedImplSpec.m */ = {isa = PBXFileReference; fileEncoding = 4; lastKnownFileType = sourcecode.c.objc; path = "NSObject+RGSharedImplSpec.m"; sourceTree = "<group>"; };
/* End PBXFileReference section */

/* Begin PBXFrameworksBuildPhase section */
		BE119C211D2CDB840005E1D2 /* Frameworks */ = {
			isa = PBXFrameworksBuildPhase;
			buildActionMask = 2147483647;
			files = (
			);
			runOnlyForDeploymentPostprocessing = 0;
		};
		BE119C2E1D2CDB930005E1D2 /* Frameworks */ = {
			isa = PBXFrameworksBuildPhase;
			buildActionMask = 2147483647;
			files = (
			);
			runOnlyForDeploymentPostprocessing = 0;
		};
		BE119C3B1D2CDBB60005E1D2 /* Frameworks */ = {
			isa = PBXFrameworksBuildPhase;
			buildActionMask = 2147483647;
			files = (
			);
			runOnlyForDeploymentPostprocessing = 0;
		};
		BE2009511BCA252000A9E8A0 /* Frameworks */ = {
			isa = PBXFrameworksBuildPhase;
			buildActionMask = 2147483647;
			files = (
				BE54D7F71D226067004CDCEA /* RestGoateeCoreiOS.framework in Frameworks */,
				BE3636CF1C51C79700A2E00A /* CoreData.framework in Frameworks */,
			);
			runOnlyForDeploymentPostprocessing = 0;
		};
		BE9031CD1D22582F00EAA44D /* Frameworks */ = {
			isa = PBXFrameworksBuildPhase;
			buildActionMask = 2147483647;
			files = (
			);
			runOnlyForDeploymentPostprocessing = 0;
		};
/* End PBXFrameworksBuildPhase section */

/* Begin PBXGroup section */
		BE2009551BCA252000A9E8A0 /* RestGoatee-Core-Tests */ = {
			isa = PBXGroup;
			children = (
				BE2009611BCA25BC00A9E8A0 /* CategorySpecs */,
				BE2009621BCA262500A9E8A0 /* ClassSpecs */,
				BE637B7E1BFEA4E5000E25E8 /* FunctionSpecs */,
				BE20096D1BCC2BE400A9E8A0 /* ProtocolSpecs */,
				BE63EE6C1C646E8900D451D2 /* SupportClasses */,
				BE2009561BCA252000A9E8A0 /* Supporting Files */,
			);
			path = "RestGoatee-Core-Tests";
			sourceTree = "<group>";
		};
		BE2009561BCA252000A9E8A0 /* Supporting Files */ = {
			isa = PBXGroup;
			children = (
				BE3636D01C51C7A800A2E00A /* Frameworks */,
				BE2009571BCA252000A9E8A0 /* Info.plist */,
				BE2009631BCA265F00A9E8A0 /* RestGoatee-Core-Tests.pch */,
			);
			name = "Supporting Files";
			sourceTree = "<group>";
		};
		BE2009611BCA25BC00A9E8A0 /* CategorySpecs */ = {
			isa = PBXGroup;
			children = (
				BE2009681BCC29A900A9E8A0 /* NSObject+RGDeserializationSpec.m */,
				BEEC23701C47848900588655 /* NSObject+RGSerializationSpec.m */,
				BEF4BE6C1BD58BFC00ACDAF7 /* NSObject+RGSharedImplSpec.m */,
				BE49D5CA1D79425900EC21DF /* NSObject+RGStringValueSpec.m */,
			);
			name = CategorySpecs;
			sourceTree = "<group>";
		};
		BE2009621BCA262500A9E8A0 /* ClassSpecs */ = {
			isa = PBXGroup;
			children = (
				BE637B7C1BFEA141000E25E8 /* RGPropertyDeclarationSpec.m */,
				BE2009641BCA27AE00A9E8A0 /* RGXMLNodeSpec.m */,
				BEF4BE611BD4A0B600ACDAF7 /* RGXMLSerializerSpec.m */,
			);
			name = ClassSpecs;
			sourceTree = "<group>";
		};
		BE2009661BCB70D000A9E8A0 /* Classes */ = {
			isa = PBXGroup;
			children = (
				BE7A6FB31BE2FEDA009F5A4F /* RGPropertyDeclaration.h */,
				BE7A6FB41BE2FEDA009F5A4F /* RGPropertyDeclaration.m */,
				BEAB13C01BBDB4960027300D /* RGXMLNode.h */,
				BEAB13C11BBDB4960027300D /* RGXMLNode.m */,
				BEAB13C41BBDB4960027300D /* RGXMLSerializer.h */,
				BEAB13C51BBDB4960027300D /* RGXMLSerializer.m */,
			);
			name = Classes;
			sourceTree = "<group>";
		};
		BE2009671BCB70DA00A9E8A0 /* Categories */ = {
			isa = PBXGroup;
			children = (
				BEAB13C21BBDB4960027300D /* NSDictionary+RGDataSource.h */,
				BEAB13B81BBDB4960027300D /* NSObject+RGDeserialization.h */,
				BEAB13B91BBDB4960027300D /* NSObject+RGDeserialization.m */,
				BEAB13BC1BBDB4960027300D /* NSObject+RGSerialization.h */,
				BEAB13BD1BBDB4960027300D /* NSObject+RGSerialization.m */,
				BEAB13BE1BBDB4960027300D /* NSObject+RGSharedImpl.h */,
				BEAB13BF1BBDB4960027300D /* NSObject+RGSharedImpl.m */,
				BE49D5C01D793E2D00EC21DF /* NSObject+RGStringValue.h */,
				BE49D5C11D793E2D00EC21DF /* NSObject+RGStringValue.m */,
			);
			name = Categories;
			sourceTree = "<group>";
		};
		BE20096A1BCC2A7800A9E8A0 /* Protocols */ = {
			isa = PBXGroup;
			children = (
				BE20096B1BCC2AA700A9E8A0 /* RGDataSource.h */,
				BE20096C1BCC2B1F00A9E8A0 /* RGDeserializable.h */,
				BEB758371BE2134700102415 /* RGSerializable.h */,
			);
			name = Protocols;
			sourceTree = "<group>";
		};
		BE20096D1BCC2BE400A9E8A0 /* ProtocolSpecs */ = {
			isa = PBXGroup;
			children = (
				BEF4BE631BD4B24A00ACDAF7 /* RGDataSourceSpec.m */,
				BEF4BE681BD4BEE100ACDAF7 /* RGDeserializableSpec.m */,
			);
			name = ProtocolSpecs;
			sourceTree = "<group>";
		};
		BE3636D01C51C7A800A2E00A /* Frameworks */ = {
			isa = PBXGroup;
			children = (
				BE3636CE1C51C79700A2E00A /* CoreData.framework */,
			);
			name = Frameworks;
			sourceTree = "<group>";
		};
		BE4522DB1D2E2A9900EBAF97 /* Framework */ = {
			isa = PBXGroup;
			children = (
				BE4522D81D2E2A9300EBAF97 /* Info.plist */,
				BE4522D91D2E2A9300EBAF97 /* module.modulemap */,
				BE4522DA1D2E2A9300EBAF97 /* RestGoateeCore.h */,
			);
			name = Framework;
			sourceTree = "<group>";
		};
		BE637B7E1BFEA4E5000E25E8 /* FunctionSpecs */ = {
			isa = PBXGroup;
			children = (
				BE637B7F1BFEA4FE000E25E8 /* RestGoatee-CoreSpec.m */,
			);
			name = FunctionSpecs;
			sourceTree = "<group>";
		};
		BE63EE6C1C646E8900D451D2 /* SupportClasses */ = {
			isa = PBXGroup;
			children = (
				BE7917901CF7E8DF009B366E /* NSObject+RGBadInit.h */,
				BE7917911CF7E8DF009B366E /* NSObject+RGBadInit.m */,
				BE3636D41C51D09B00A2E00A /* RGBartStation.h */,
				BE3636D51C51D09B00A2E00A /* RGBartStation.m */,
				BE5B37CF1C6C5CDF0093AA02 /* RGTest.h */,
				BE5B37D01C6C5CDF0093AA02 /* RGTest.m */,
				BE3636D11C51C80A00A2E00A /* RGTestManagedObject.h */,
				BE3636D21C51C80A00A2E00A /* RGTestManagedObject.m */,
				BE68CA621BCF631200DFEC70 /* RGTestObject1.h */,
				BE68CA651BCF631200DFEC70 /* RGTestObject1.m */,
				BE68CA641BCF631200DFEC70 /* RGTestObject2.h */,
				BE68CA631BCF631200DFEC70 /* RGTestObject2.m */,
				BE63EE6D1C646F0B00D451D2 /* RGTestObject3.h */,
				BE63EE6E1C646F0B00D451D2 /* RGTestObject3.m */,
				BE63EE701C64711200D451D2 /* RGTestObject4.h */,
				BE63EE711C64711200D451D2 /* RGTestObject4.m */,
				BE4237461C647416003E47DF /* RGTestObject5.h */,
				BE4237471C647416003E47DF /* RGTestObject5.m */,
			);
			name = SupportClasses;
			sourceTree = "<group>";
		};
		BE93BB521C52041A0043BAAD /* C */ = {
			isa = PBXGroup;
			children = (
				BE93BB531C5204360043BAAD /* RGConstants.h */,
				BE93BB541C5204360043BAAD /* RGConstants.m */,
				BE93BB561C52045A0043BAAD /* RGFunctions.h */,
				BE93BB571C52045A0043BAAD /* RGFunctions.m */,
			);
			name = C;
			sourceTree = "<group>";
		};
		BEAB13CE1BBDB5370027300D /* SupportingFiles */ = {
			isa = PBXGroup;
			children = (
				BEAB13B51BBDB45A0027300D /* RestGoatee-Core.podspec */,
			);
			name = SupportingFiles;
			sourceTree = "<group>";
		};
		BEFFB8381BBDB15900EAF95D = {
			isa = PBXGroup;
			children = (
				BE4522DB1D2E2A9900EBAF97 /* Framework */,
				BEAB13CE1BBDB5370027300D /* SupportingFiles */,
				BEFFB8431BBDB15900EAF95D /* RestGoatee-Core */,
				BE2009551BCA252000A9E8A0 /* RestGoatee-Core-Tests */,
				BEFFB8421BBDB15900EAF95D /* Products */,
			);
			sourceTree = "<group>";
		};
		BEFFB8421BBDB15900EAF95D /* Products */ = {
			isa = PBXGroup;
			children = (
				BE2009541BCA252000A9E8A0 /* RestGoatee-Core-Tests.xctest */,
				BE9031D11D22582F00EAA44D /* RestGoateeCoreiOS.framework */,
				BE119C251D2CDB840005E1D2 /* RestGoateeCoreOSX.framework */,
				BE119C321D2CDB930005E1D2 /* RestGoateeCoretvOS.framework */,
				BE119C3F1D2CDBB60005E1D2 /* RestGoateeCorewatchOS.framework */,
			);
			name = Products;
			sourceTree = "<group>";
		};
		BEFFB8431BBDB15900EAF95D /* RestGoatee-Core */ = {
			isa = PBXGroup;
			children = (
				BE93BB521C52041A0043BAAD /* C */,
				BE2009671BCB70DA00A9E8A0 /* Categories */,
				BE2009661BCB70D000A9E8A0 /* Classes */,
				BE20096A1BCC2A7800A9E8A0 /* Protocols */,
				BEAB13B61BBDB4960027300D /* RestGoatee-Core.h */,
				BEAE72311BD9725900F23ABE /* RGDefines.h */,
			);
			path = "RestGoatee-Core";
			sourceTree = "<group>";
		};
/* End PBXGroup section */

/* Begin PBXHeadersBuildPhase section */
		BE119C221D2CDB840005E1D2 /* Headers */ = {
			isa = PBXHeadersBuildPhase;
			buildActionMask = 2147483647;
			files = (
				BE49D5C31D793E2D00EC21DF /* NSObject+RGStringValue.h in Headers */,
				BE4522DD1D2E2AD500EBAF97 /* RestGoateeCore.h in Headers */,
			);
			runOnlyForDeploymentPostprocessing = 0;
		};
		BE119C2F1D2CDB930005E1D2 /* Headers */ = {
			isa = PBXHeadersBuildPhase;
			buildActionMask = 2147483647;
			files = (
				BE49D5C41D793E2D00EC21DF /* NSObject+RGStringValue.h in Headers */,
				BE4522DE1D2E2AD600EBAF97 /* RestGoateeCore.h in Headers */,
			);
			runOnlyForDeploymentPostprocessing = 0;
		};
		BE119C3C1D2CDBB60005E1D2 /* Headers */ = {
			isa = PBXHeadersBuildPhase;
			buildActionMask = 2147483647;
			files = (
				BE49D5C51D793E2D00EC21DF /* NSObject+RGStringValue.h in Headers */,
				BE4522DF1D2E2AD700EBAF97 /* RestGoateeCore.h in Headers */,
			);
			runOnlyForDeploymentPostprocessing = 0;
		};
		BE9031CE1D22582F00EAA44D /* Headers */ = {
			isa = PBXHeadersBuildPhase;
			buildActionMask = 2147483647;
			files = (
				BE9031EE1D2258DD00EAA44D /* RGFunctions.h in Headers */,
				BE9031DE1D22588D00EAA44D /* RGPropertyDeclaration.h in Headers */,
				BE9031E11D22589500EAA44D /* RGXMLNode.h in Headers */,
				BE9031E81D2258BC00EAA44D /* NSObject+RGSerialization.h in Headers */,
				BE9031EC1D2258D200EAA44D /* RGConstants.h in Headers */,
				BE9031DB1D22587B00EAA44D /* RGDataSource.h in Headers */,
				BE9031D91D22585A00EAA44D /* RestGoatee-Core.h in Headers */,
				BE9031EA1D2258CA00EAA44D /* NSObject+RGSharedImpl.h in Headers */,
				BE9031E31D22589D00EAA44D /* RGXMLSerializer.h in Headers */,
				BE4522DC1D2E2AD400EBAF97 /* RestGoateeCore.h in Headers */,
				BE9031E51D2258A500EAA44D /* NSDictionary+RGDataSource.h in Headers */,
				BE9031DC1D22587E00EAA44D /* RGDeserializable.h in Headers */,
				BE9031DD1D22588900EAA44D /* RGSerializable.h in Headers */,
				BE9031DA1D22585F00EAA44D /* RGDefines.h in Headers */,
				BE49D5C21D793E2D00EC21DF /* NSObject+RGStringValue.h in Headers */,
				BE9031E61D2258B200EAA44D /* NSObject+RGDeserialization.h in Headers */,
			);
			runOnlyForDeploymentPostprocessing = 0;
		};
/* End PBXHeadersBuildPhase section */

/* Begin PBXNativeTarget section */
		BE119C241D2CDB840005E1D2 /* RestGoateeCoreOSX */ = {
			isa = PBXNativeTarget;
			buildConfigurationList = BE119C2A1D2CDB840005E1D2 /* Build configuration list for PBXNativeTarget "RestGoateeCoreOSX" */;
			buildPhases = (
				BE119C201D2CDB840005E1D2 /* Sources */,
				BE119C211D2CDB840005E1D2 /* Frameworks */,
				BE119C221D2CDB840005E1D2 /* Headers */,
				BE119C231D2CDB840005E1D2 /* Resources */,
			);
			buildRules = (
			);
			dependencies = (
			);
			name = RestGoateeCoreOSX;
			productName = RestGoateeCoreOSX;
			productReference = BE119C251D2CDB840005E1D2 /* RestGoateeCoreOSX.framework */;
			productType = "com.apple.product-type.framework";
		};
		BE119C311D2CDB930005E1D2 /* RestGoateeCoretvOS */ = {
			isa = PBXNativeTarget;
			buildConfigurationList = BE119C371D2CDB930005E1D2 /* Build configuration list for PBXNativeTarget "RestGoateeCoretvOS" */;
			buildPhases = (
				BE119C2D1D2CDB930005E1D2 /* Sources */,
				BE119C2E1D2CDB930005E1D2 /* Frameworks */,
				BE119C2F1D2CDB930005E1D2 /* Headers */,
				BE119C301D2CDB930005E1D2 /* Resources */,
			);
			buildRules = (
			);
			dependencies = (
			);
			name = RestGoateeCoretvOS;
			productName = RestGoateeCoretvOS;
			productReference = BE119C321D2CDB930005E1D2 /* RestGoateeCoretvOS.framework */;
			productType = "com.apple.product-type.framework";
		};
		BE119C3E1D2CDBB60005E1D2 /* RestGoateeCorewatchOS */ = {
			isa = PBXNativeTarget;
			buildConfigurationList = BE119C441D2CDBB60005E1D2 /* Build configuration list for PBXNativeTarget "RestGoateeCorewatchOS" */;
			buildPhases = (
				BE119C3A1D2CDBB60005E1D2 /* Sources */,
				BE119C3B1D2CDBB60005E1D2 /* Frameworks */,
				BE119C3C1D2CDBB60005E1D2 /* Headers */,
				BE119C3D1D2CDBB60005E1D2 /* Resources */,
			);
			buildRules = (
			);
			dependencies = (
			);
			name = RestGoateeCorewatchOS;
			productName = RestGoateeCorewatchOS;
			productReference = BE119C3F1D2CDBB60005E1D2 /* RestGoateeCorewatchOS.framework */;
			productType = "com.apple.product-type.framework";
		};
		BE2009531BCA252000A9E8A0 /* RestGoatee-Core-Tests */ = {
			isa = PBXNativeTarget;
			buildConfigurationList = BE20095D1BCA252000A9E8A0 /* Build configuration list for PBXNativeTarget "RestGoatee-Core-Tests" */;
			buildPhases = (
				BE2009501BCA252000A9E8A0 /* Sources */,
				BE2009511BCA252000A9E8A0 /* Frameworks */,
				BE2009521BCA252000A9E8A0 /* Resources */,
			);
			buildRules = (
			);
			dependencies = (
				BE54D7F91D22606E004CDCEA /* PBXTargetDependency */,
			);
			name = "RestGoatee-Core-Tests";
			productName = "RestGoatee-Core-Tests";
			productReference = BE2009541BCA252000A9E8A0 /* RestGoatee-Core-Tests.xctest */;
			productType = "com.apple.product-type.bundle.unit-test";
		};
		BE9031D01D22582F00EAA44D /* RestGoateeCoreiOS */ = {
			isa = PBXNativeTarget;
			buildConfigurationList = BE9031D61D22582F00EAA44D /* Build configuration list for PBXNativeTarget "RestGoateeCoreiOS" */;
			buildPhases = (
				BE9031CC1D22582F00EAA44D /* Sources */,
				BE9031CD1D22582F00EAA44D /* Frameworks */,
				BE9031CE1D22582F00EAA44D /* Headers */,
				BE9031CF1D22582F00EAA44D /* Resources */,
			);
			buildRules = (
			);
			dependencies = (
			);
			name = RestGoateeCoreiOS;
			productName = "RestGoatee-Core-Framework";
			productReference = BE9031D11D22582F00EAA44D /* RestGoateeCoreiOS.framework */;
			productType = "com.apple.product-type.framework";
		};
/* End PBXNativeTarget section */

/* Begin PBXProject section */
		BEFFB8391BBDB15900EAF95D /* Project object */ = {
			isa = PBXProject;
			attributes = {
				LastUpgradeCheck = 0720;
				ORGANIZATIONNAME = RestGoatee;
				TargetAttributes = {
					BE119C241D2CDB840005E1D2 = {
						CreatedOnToolsVersion = 7.2.1;
					};
					BE119C311D2CDB930005E1D2 = {
						CreatedOnToolsVersion = 7.2.1;
					};
					BE119C3E1D2CDBB60005E1D2 = {
						CreatedOnToolsVersion = 7.2.1;
					};
					BE2009531BCA252000A9E8A0 = {
						CreatedOnToolsVersion = 6.4;
					};
					BE73D2F31D2F641A0045202B = {
						CreatedOnToolsVersion = 7.2.1;
					};
					BE9031D01D22582F00EAA44D = {
						CreatedOnToolsVersion = 7.2.1;
					};
				};
			};
			buildConfigurationList = BEFFB83C1BBDB15900EAF95D /* Build configuration list for PBXProject "RestGoatee-Core" */;
			compatibilityVersion = "Xcode 3.2";
			developmentRegion = English;
			hasScannedForEncodings = 0;
			knownRegions = (
				en,
			);
			mainGroup = BEFFB8381BBDB15900EAF95D;
			productRefGroup = BEFFB8421BBDB15900EAF95D /* Products */;
			projectDirPath = "";
			projectRoot = "";
			targets = (
				BE2009531BCA252000A9E8A0 /* RestGoatee-Core-Tests */,
				BE73D2F31D2F641A0045202B /* OCLint */,
				BE9031D01D22582F00EAA44D /* RestGoateeCoreiOS */,
				BE119C241D2CDB840005E1D2 /* RestGoateeCoreOSX */,
				BE119C311D2CDB930005E1D2 /* RestGoateeCoretvOS */,
				BE119C3E1D2CDBB60005E1D2 /* RestGoateeCorewatchOS */,
			);
		};
/* End PBXProject section */

/* Begin PBXResourcesBuildPhase section */
		BE119C231D2CDB840005E1D2 /* Resources */ = {
			isa = PBXResourcesBuildPhase;
			buildActionMask = 2147483647;
			files = (
			);
			runOnlyForDeploymentPostprocessing = 0;
		};
		BE119C301D2CDB930005E1D2 /* Resources */ = {
			isa = PBXResourcesBuildPhase;
			buildActionMask = 2147483647;
			files = (
			);
			runOnlyForDeploymentPostprocessing = 0;
		};
		BE119C3D1D2CDBB60005E1D2 /* Resources */ = {
			isa = PBXResourcesBuildPhase;
			buildActionMask = 2147483647;
			files = (
			);
			runOnlyForDeploymentPostprocessing = 0;
		};
		BE2009521BCA252000A9E8A0 /* Resources */ = {
			isa = PBXResourcesBuildPhase;
			buildActionMask = 2147483647;
			files = (
			);
			runOnlyForDeploymentPostprocessing = 0;
		};
		BE9031CF1D22582F00EAA44D /* Resources */ = {
			isa = PBXResourcesBuildPhase;
			buildActionMask = 2147483647;
			files = (
			);
			runOnlyForDeploymentPostprocessing = 0;
		};
/* End PBXResourcesBuildPhase section */

/* Begin PBXShellScriptBuildPhase section */
		BE73D2F71D2F645A0045202B /* ShellScript */ = {
			isa = PBXShellScriptBuildPhase;
			buildActionMask = 2147483647;
			files = (
			);
			inputPaths = (
			);
			outputPaths = (
			);
			runOnlyForDeploymentPostprocessing = 0;
			shellPath = /bin/sh;
			shellScript = ./oclint_run.sh;
		};
/* End PBXShellScriptBuildPhase section */

/* Begin PBXSourcesBuildPhase section */
		BE119C201D2CDB840005E1D2 /* Sources */ = {
			isa = PBXSourcesBuildPhase;
			buildActionMask = 2147483647;
			files = (
				BE49D5C71D793E2D00EC21DF /* NSObject+RGStringValue.m in Sources */,
			);
			runOnlyForDeploymentPostprocessing = 0;
		};
		BE119C2D1D2CDB930005E1D2 /* Sources */ = {
			isa = PBXSourcesBuildPhase;
			buildActionMask = 2147483647;
			files = (
				BE49D5C81D793E2D00EC21DF /* NSObject+RGStringValue.m in Sources */,
			);
			runOnlyForDeploymentPostprocessing = 0;
		};
		BE119C3A1D2CDBB60005E1D2 /* Sources */ = {
			isa = PBXSourcesBuildPhase;
			buildActionMask = 2147483647;
			files = (
				BE49D5C91D793E2D00EC21DF /* NSObject+RGStringValue.m in Sources */,
			);
			runOnlyForDeploymentPostprocessing = 0;
		};
		BE2009501BCA252000A9E8A0 /* Sources */ = {
			isa = PBXSourcesBuildPhase;
			buildActionMask = 2147483647;
			files = (
				BE63EE721C64711200D451D2 /* RGTestObject4.m in Sources */,
				BE49D5CB1D79425900EC21DF /* NSObject+RGStringValueSpec.m in Sources */,
				BE68CA661BCF631200DFEC70 /* RGTestObject2.m in Sources */,
				BE63EE6F1C646F0B00D451D2 /* RGTestObject3.m in Sources */,
				BE2009651BCA27AE00A9E8A0 /* RGXMLNodeSpec.m in Sources */,
				BE5B37D11C6C5CDF0093AA02 /* RGTest.m in Sources */,
				BE7917921CF7E8DF009B366E /* NSObject+RGBadInit.m in Sources */,
				BE2009691BCC29A900A9E8A0 /* NSObject+RGDeserializationSpec.m in Sources */,
				BEF4BE6D1BD58BFC00ACDAF7 /* NSObject+RGSharedImplSpec.m in Sources */,
				BE637B801BFEA4FE000E25E8 /* RestGoatee-CoreSpec.m in Sources */,
				BEF4BE641BD4B24A00ACDAF7 /* RGDataSourceSpec.m in Sources */,
				BE3636D61C51D09B00A2E00A /* RGBartStation.m in Sources */,
				BE637B7D1BFEA141000E25E8 /* RGPropertyDeclarationSpec.m in Sources */,
				BE4237481C647416003E47DF /* RGTestObject5.m in Sources */,
				BEF4BE691BD4BEE100ACDAF7 /* RGDeserializableSpec.m in Sources */,
				BE68CA671BCF631200DFEC70 /* RGTestObject1.m in Sources */,
				BE3636D31C51C80A00A2E00A /* RGTestManagedObject.m in Sources */,
				BEEC23711C47848900588655 /* NSObject+RGSerializationSpec.m in Sources */,
				BEF4BE621BD4A0B600ACDAF7 /* RGXMLSerializerSpec.m in Sources */,
			);
			runOnlyForDeploymentPostprocessing = 0;
		};
		BE9031CC1D22582F00EAA44D /* Sources */ = {
			isa = PBXSourcesBuildPhase;
			buildActionMask = 2147483647;
			files = (
				BE9031E21D22589B00EAA44D /* RGXMLNode.m in Sources */,
				BE9031E41D2258A200EAA44D /* RGXMLSerializer.m in Sources */,
				BE9031EF1D2258E300EAA44D /* RGFunctions.m in Sources */,
				BE9031E71D2258B900EAA44D /* NSObject+RGDeserialization.m in Sources */,
				BE49D5C61D793E2D00EC21DF /* NSObject+RGStringValue.m in Sources */,
				BE9031DF1D22589000EAA44D /* RGPropertyDeclaration.m in Sources */,
				BE9031ED1D2258D800EAA44D /* RGConstants.m in Sources */,
				BE9031E91D2258C500EAA44D /* NSObject+RGSerialization.m in Sources */,
				BE9031EB1D2258CE00EAA44D /* NSObject+RGSharedImpl.m in Sources */,
			);
			runOnlyForDeploymentPostprocessing = 0;
		};
/* End PBXSourcesBuildPhase section */

/* Begin PBXTargetDependency section */
		BE54D7F91D22606E004CDCEA /* PBXTargetDependency */ = {
			isa = PBXTargetDependency;
			target = BE9031D01D22582F00EAA44D /* RestGoateeCoreiOS */;
			targetProxy = BE54D7F81D22606E004CDCEA /* PBXContainerItemProxy */;
		};
/* End PBXTargetDependency section */

/* Begin XCBuildConfiguration section */
		BE119C2B1D2CDB840005E1D2 /* Debug */ = {
			isa = XCBuildConfiguration;
			buildSettings = {
				COMBINE_HIDPI_IMAGES = YES;
				COPY_PHASE_STRIP = NO;
				CURRENT_PROJECT_VERSION = 1;
				DEFINES_MODULE = YES;
				DYLIB_COMPATIBILITY_VERSION = 1;
				DYLIB_CURRENT_VERSION = 1;
				DYLIB_INSTALL_NAME_BASE = "@rpath";
				INFOPLIST_FILE = ./Framework/Info.plist;
				INSTALL_PATH = "$(LOCAL_LIBRARY_DIR)/Frameworks";
				LD_RUNPATH_SEARCH_PATHS = "$(inherited) @executable_path/Frameworks @loader_path/Frameworks";
				MACOSX_DEPLOYMENT_TARGET = 10.9;
				PRODUCT_BUNDLE_IDENTIFIER = com.restgoatee.restgoateecoreosx;
				PRODUCT_NAME = "$(TARGET_NAME)";
				SDKROOT = macosx;
				SKIP_INSTALL = YES;
				VERSIONING_SYSTEM = "apple-generic";
				VERSION_INFO_PREFIX = "";
			};
			name = Debug;
		};
		BE119C2C1D2CDB840005E1D2 /* Release */ = {
			isa = XCBuildConfiguration;
			buildSettings = {
				COMBINE_HIDPI_IMAGES = YES;
				COPY_PHASE_STRIP = NO;
				CURRENT_PROJECT_VERSION = 1;
				DEFINES_MODULE = YES;
				DYLIB_COMPATIBILITY_VERSION = 1;
				DYLIB_CURRENT_VERSION = 1;
				DYLIB_INSTALL_NAME_BASE = "@rpath";
				INFOPLIST_FILE = ./Framework/Info.plist;
				INSTALL_PATH = "$(LOCAL_LIBRARY_DIR)/Frameworks";
				LD_RUNPATH_SEARCH_PATHS = "$(inherited) @executable_path/Frameworks @loader_path/Frameworks";
				MACOSX_DEPLOYMENT_TARGET = 10.9;
				PRODUCT_BUNDLE_IDENTIFIER = com.restgoatee.restgoateecoreosx;
				PRODUCT_NAME = "$(TARGET_NAME)";
				SDKROOT = macosx;
				SKIP_INSTALL = YES;
				VERSIONING_SYSTEM = "apple-generic";
				VERSION_INFO_PREFIX = "";
			};
			name = Release;
		};
		BE119C381D2CDB930005E1D2 /* Debug */ = {
			isa = XCBuildConfiguration;
			buildSettings = {
				COPY_PHASE_STRIP = NO;
				CURRENT_PROJECT_VERSION = 1;
				DEFINES_MODULE = YES;
				DYLIB_COMPATIBILITY_VERSION = 1;
				DYLIB_CURRENT_VERSION = 1;
				DYLIB_INSTALL_NAME_BASE = "@rpath";
				INFOPLIST_FILE = ./Framework/Info.plist;
				INSTALL_PATH = "$(LOCAL_LIBRARY_DIR)/Frameworks";
				LD_RUNPATH_SEARCH_PATHS = "$(inherited) @executable_path/Frameworks @loader_path/Frameworks";
				PRODUCT_BUNDLE_IDENTIFIER = com.restgoatee.restgoateecoretvos;
				PRODUCT_NAME = "$(TARGET_NAME)";
				SDKROOT = appletvos;
				SKIP_INSTALL = YES;
				VERSIONING_SYSTEM = "apple-generic";
				VERSION_INFO_PREFIX = "";
			};
			name = Debug;
		};
		BE119C391D2CDB930005E1D2 /* Release */ = {
			isa = XCBuildConfiguration;
			buildSettings = {
				COPY_PHASE_STRIP = NO;
				CURRENT_PROJECT_VERSION = 1;
				DEFINES_MODULE = YES;
				DYLIB_COMPATIBILITY_VERSION = 1;
				DYLIB_CURRENT_VERSION = 1;
				DYLIB_INSTALL_NAME_BASE = "@rpath";
				INFOPLIST_FILE = ./Framework/Info.plist;
				INSTALL_PATH = "$(LOCAL_LIBRARY_DIR)/Frameworks";
				LD_RUNPATH_SEARCH_PATHS = "$(inherited) @executable_path/Frameworks @loader_path/Frameworks";
				PRODUCT_BUNDLE_IDENTIFIER = com.restgoatee.restgoateecoretvos;
				PRODUCT_NAME = "$(TARGET_NAME)";
				SDKROOT = appletvos;
				SKIP_INSTALL = YES;
				VERSIONING_SYSTEM = "apple-generic";
				VERSION_INFO_PREFIX = "";
			};
			name = Release;
		};
		BE119C451D2CDBB60005E1D2 /* Debug */ = {
			isa = XCBuildConfiguration;
			buildSettings = {
				CURRENT_PROJECT_VERSION = 1;
				DEFINES_MODULE = YES;
				DYLIB_COMPATIBILITY_VERSION = 1;
				DYLIB_CURRENT_VERSION = 1;
				DYLIB_INSTALL_NAME_BASE = "@rpath";
				INFOPLIST_FILE = ./Framework/Info.plist;
				INSTALL_PATH = "$(LOCAL_LIBRARY_DIR)/Frameworks";
				LD_RUNPATH_SEARCH_PATHS = "$(inherited) @executable_path/Frameworks @loader_path/Frameworks";
				PRODUCT_BUNDLE_IDENTIFIER = com.restgoatee.restgoateecorewatchos;
				PRODUCT_NAME = "$(TARGET_NAME)";
				SDKROOT = watchos;
				SKIP_INSTALL = YES;
				VERSIONING_SYSTEM = "apple-generic";
				VERSION_INFO_PREFIX = "";
			};
			name = Debug;
		};
		BE119C461D2CDBB60005E1D2 /* Release */ = {
			isa = XCBuildConfiguration;
			buildSettings = {
				CURRENT_PROJECT_VERSION = 1;
				DEFINES_MODULE = YES;
				DYLIB_COMPATIBILITY_VERSION = 1;
				DYLIB_CURRENT_VERSION = 1;
				DYLIB_INSTALL_NAME_BASE = "@rpath";
				INFOPLIST_FILE = ./Framework/Info.plist;
				INSTALL_PATH = "$(LOCAL_LIBRARY_DIR)/Frameworks";
				LD_RUNPATH_SEARCH_PATHS = "$(inherited) @executable_path/Frameworks @loader_path/Frameworks";
				PRODUCT_BUNDLE_IDENTIFIER = com.restgoatee.restgoateecorewatchos;
				PRODUCT_NAME = "$(TARGET_NAME)";
				SDKROOT = watchos;
				SKIP_INSTALL = YES;
				VERSIONING_SYSTEM = "apple-generic";
				VERSION_INFO_PREFIX = "";
			};
			name = Release;
		};
		BE20095E1BCA252000A9E8A0 /* Debug */ = {
			isa = XCBuildConfiguration;
			buildSettings = {
				CLANG_CXX_LANGUAGE_STANDARD = "gnu++0x";
				CLANG_CXX_LIBRARY = "libc++";
				CLANG_ENABLE_CODE_COVERAGE = NO;
				COPY_PHASE_STRIP = NO;
				DEBUG_INFORMATION_FORMAT = "dwarf-with-dsym";
				GCC_DYNAMIC_NO_PIC = NO;
				GCC_NO_COMMON_BLOCKS = YES;
				GCC_PREFIX_HEADER = "RestGoatee-Core-Tests/RestGoatee-Core-Tests.pch";
				GCC_PREPROCESSOR_DEFINITIONS = "$(inherited)";
				GCC_SYMBOLS_PRIVATE_EXTERN = NO;
				GCC_WARN_MULTIPLE_DEFINITION_TYPES_FOR_SELECTOR = NO;
				INFOPLIST_FILE = "RestGoatee-Core-Tests/Info.plist";
				LD_RUNPATH_SEARCH_PATHS = "$(inherited) @executable_path/Frameworks @loader_path/Frameworks";
				LLVM_LTO = NO;
				MTL_ENABLE_DEBUG_INFO = YES;
				OTHER_LDFLAGS = "-all_load";
				PRODUCT_BUNDLE_IDENTIFIER = "com.restgoatee.$(PRODUCT_NAME:rfc1034identifier)";
				PRODUCT_NAME = "$(TARGET_NAME)";
				WARNING_CFLAGS = (
					"-Wno-auto-import",
					"-Wno-objc-missing-property-synthesis",
					"-Wno-missing-variable-declarations",
					"-Wno-vla",
					"-Wno-gnu",
					"-Wno-documentation-unknown-command",
					"-Wno-reserved-id-macro",
					"-Weverything",
				);
			};
			name = Debug;
		};
		BE20095F1BCA252000A9E8A0 /* Release */ = {
			isa = XCBuildConfiguration;
			buildSettings = {
				CLANG_CXX_LANGUAGE_STANDARD = "gnu++0x";
				CLANG_CXX_LIBRARY = "libc++";
				CLANG_ENABLE_CODE_COVERAGE = NO;
				COPY_PHASE_STRIP = NO;
				DEBUG_INFORMATION_FORMAT = "dwarf-with-dsym";
				ENABLE_NS_ASSERTIONS = NO;
				GCC_NO_COMMON_BLOCKS = YES;
				GCC_OPTIMIZATION_LEVEL = 0;
				GCC_PREFIX_HEADER = "RestGoatee-Core-Tests/RestGoatee-Core-Tests.pch";
				GCC_WARN_MULTIPLE_DEFINITION_TYPES_FOR_SELECTOR = NO;
				INFOPLIST_FILE = "RestGoatee-Core-Tests/Info.plist";
				LD_RUNPATH_SEARCH_PATHS = "$(inherited) @executable_path/Frameworks @loader_path/Frameworks";
				MTL_ENABLE_DEBUG_INFO = NO;
				OTHER_LDFLAGS = "-all_load";
				PRODUCT_BUNDLE_IDENTIFIER = "com.restgoatee.$(PRODUCT_NAME:rfc1034identifier)";
				PRODUCT_NAME = "$(TARGET_NAME)";
				VALIDATE_PRODUCT = YES;
				WARNING_CFLAGS = (
					"-Wno-auto-import",
					"-Wno-objc-missing-property-synthesis",
					"-Wno-missing-variable-declarations",
					"-Wno-vla",
					"-Wno-gnu",
					"-Wno-documentation-unknown-command",
					"-Wno-reserved-id-macro",
					"-Weverything",
				);
			};
			name = Release;
		};
		BE73D2F51D2F641A0045202B /* Debug */ = {
			isa = XCBuildConfiguration;
			buildSettings = {
				PRODUCT_NAME = "$(TARGET_NAME)";
			};
			name = Debug;
		};
		BE73D2F61D2F641A0045202B /* Release */ = {
			isa = XCBuildConfiguration;
			buildSettings = {
				PRODUCT_NAME = "$(TARGET_NAME)";
			};
			name = Release;
		};
		BE9031D71D22582F00EAA44D /* Debug */ = {
			isa = XCBuildConfiguration;
			buildSettings = {
				CODE_SIGN_IDENTITY = "iPhone Developer";
				CURRENT_PROJECT_VERSION = 1;
				DEFINES_MODULE = YES;
				DYLIB_COMPATIBILITY_VERSION = 1;
				DYLIB_CURRENT_VERSION = 1;
				DYLIB_INSTALL_NAME_BASE = "@rpath";
				INFOPLIST_FILE = ./Framework/Info.plist;
				INSTALL_PATH = "$(LOCAL_LIBRARY_DIR)/Frameworks";
				LD_RUNPATH_SEARCH_PATHS = "$(inherited) @executable_path/Frameworks @loader_path/Frameworks";
				PRODUCT_BUNDLE_IDENTIFIER = com.restgoatee.restgoateecoreios;
				PRODUCT_NAME = "$(TARGET_NAME)";
				SKIP_INSTALL = YES;
				TARGETED_DEVICE_FAMILY = "1,2";
				VERSIONING_SYSTEM = "apple-generic";
				VERSION_INFO_PREFIX = "";
			};
			name = Debug;
		};
		BE9031D81D22582F00EAA44D /* Release */ = {
			isa = XCBuildConfiguration;
			buildSettings = {
				CODE_SIGN_IDENTITY = "iPhone Developer";
				CURRENT_PROJECT_VERSION = 1;
				DEFINES_MODULE = YES;
				DYLIB_COMPATIBILITY_VERSION = 1;
				DYLIB_CURRENT_VERSION = 1;
				DYLIB_INSTALL_NAME_BASE = "@rpath";
				INFOPLIST_FILE = ./Framework/Info.plist;
				INSTALL_PATH = "$(LOCAL_LIBRARY_DIR)/Frameworks";
				LD_RUNPATH_SEARCH_PATHS = "$(inherited) @executable_path/Frameworks @loader_path/Frameworks";
				PRODUCT_BUNDLE_IDENTIFIER = com.restgoatee.restgoateecoreios;
				PRODUCT_NAME = "$(TARGET_NAME)";
				SKIP_INSTALL = YES;
				TARGETED_DEVICE_FAMILY = "1,2";
				VERSIONING_SYSTEM = "apple-generic";
				VERSION_INFO_PREFIX = "";
			};
			name = Release;
		};
		BEFFB8531BBDB15900EAF95D /* Debug */ = {
			isa = XCBuildConfiguration;
			buildSettings = {
				ALWAYS_SEARCH_USER_PATHS = NO;
				CLANG_ANALYZER_SECURITY_FLOATLOOPCOUNTER = YES;
				CLANG_ANALYZER_SECURITY_INSECUREAPI_RAND = YES;
				CLANG_ANALYZER_SECURITY_INSECUREAPI_STRCPY = YES;
				CLANG_CXX_LANGUAGE_STANDARD = "gnu++0x";
				CLANG_CXX_LIBRARY = "libc++";
				CLANG_ENABLE_MODULES = YES;
				CLANG_ENABLE_OBJC_ARC = YES;
				CLANG_WARN_ASSIGN_ENUM = YES;
				CLANG_WARN_BOOL_CONVERSION = YES;
				CLANG_WARN_CONSTANT_CONVERSION = YES;
				CLANG_WARN_CXX0X_EXTENSIONS = YES;
				CLANG_WARN_DEPRECATED_OBJC_IMPLEMENTATIONS = YES;
				CLANG_WARN_DIRECT_OBJC_ISA_USAGE = YES_ERROR;
				CLANG_WARN_DOCUMENTATION_COMMENTS = YES;
				CLANG_WARN_EMPTY_BODY = YES;
				CLANG_WARN_ENUM_CONVERSION = YES;
				CLANG_WARN_IMPLICIT_SIGN_CONVERSION = YES;
				CLANG_WARN_INFINITE_RECURSION = YES;
				CLANG_WARN_INT_CONVERSION = YES;
				CLANG_WARN_NULLABLE_TO_NONNULL_CONVERSION = YES;
				CLANG_WARN_OBJC_EXPLICIT_OWNERSHIP_TYPE = YES;
				CLANG_WARN_OBJC_IMPLICIT_ATOMIC_PROPERTIES = YES;
				CLANG_WARN_OBJC_IMPLICIT_RETAIN_SELF = YES;
				CLANG_WARN_OBJC_RECEIVER_WEAK = YES;
				CLANG_WARN_OBJC_REPEATED_USE_OF_WEAK = YES;
				CLANG_WARN_OBJC_ROOT_CLASS = YES_ERROR;
				CLANG_WARN_SUSPICIOUS_IMPLICIT_CONVERSION = YES;
				CLANG_WARN_SUSPICIOUS_MOVE = YES;
				CLANG_WARN_UNREACHABLE_CODE = YES;
				CLANG_WARN__DUPLICATE_METHOD_MATCH = YES;
				CLANG_WARN__EXIT_TIME_DESTRUCTORS = YES;
				COPY_PHASE_STRIP = NO;
				ENABLE_STRICT_OBJC_MSGSEND = YES;
				ENABLE_TESTABILITY = YES;
				GCC_C_LANGUAGE_STANDARD = gnu99;
				GCC_NO_COMMON_BLOCKS = YES;
				GCC_OPTIMIZATION_LEVEL = 0;
				GCC_PREPROCESSOR_DEFINITIONS = "DEBUG=1";
				GCC_TREAT_IMPLICIT_FUNCTION_DECLARATIONS_AS_ERRORS = YES;
				GCC_TREAT_INCOMPATIBLE_POINTER_TYPE_WARNINGS_AS_ERRORS = YES;
				GCC_UNROLL_LOOPS = YES;
				GCC_WARN_64_TO_32_BIT_CONVERSION = YES;
				GCC_WARN_ABOUT_MISSING_FIELD_INITIALIZERS = YES;
				GCC_WARN_ABOUT_MISSING_NEWLINE = YES;
				GCC_WARN_ABOUT_MISSING_PROTOTYPES = YES;
				GCC_WARN_ABOUT_RETURN_TYPE = YES_ERROR;
				GCC_WARN_FOUR_CHARACTER_CONSTANTS = YES;
				GCC_WARN_HIDDEN_VIRTUAL_FUNCTIONS = YES;
				GCC_WARN_INITIALIZER_NOT_FULLY_BRACKETED = YES;
				GCC_WARN_MULTIPLE_DEFINITION_TYPES_FOR_SELECTOR = YES;
				GCC_WARN_NON_VIRTUAL_DESTRUCTOR = YES;
				GCC_WARN_PEDANTIC = YES;
				GCC_WARN_SHADOW = YES;
				GCC_WARN_SIGN_COMPARE = YES;
				GCC_WARN_STRICT_SELECTOR_MATCH = YES;
				GCC_WARN_UNDECLARED_SELECTOR = YES;
				GCC_WARN_UNINITIALIZED_AUTOS = YES_AGGRESSIVE;
				GCC_WARN_UNKNOWN_PRAGMAS = YES;
				GCC_WARN_UNUSED_FUNCTION = YES;
				GCC_WARN_UNUSED_LABEL = YES;
				GCC_WARN_UNUSED_PARAMETER = YES;
				GCC_WARN_UNUSED_VARIABLE = YES;
				IPHONEOS_DEPLOYMENT_TARGET = 8.0;
				MACOSX_DEPLOYMENT_TARGET = 10.9;
				MODULEMAP_FILE = "$(PROJECT_DIR)/Framework/module.modulemap";
				ONLY_ACTIVE_ARCH = YES;
				SDKROOT = iphoneos;
				TVOS_DEPLOYMENT_TARGET = 9.0;
				WARNING_CFLAGS = (
					"-Wno-auto-import",
					"-Wno-objc-missing-property-synthesis",
					"-Wno-missing-variable-declarations",
					"-Wno-vla",
					"-Wno-gnu",
					"-Weverything",
				);
				WATCHOS_DEPLOYMENT_TARGET = 2.0;
			};
			name = Debug;
		};
		BEFFB8541BBDB15900EAF95D /* Release */ = {
			isa = XCBuildConfiguration;
			buildSettings = {
				ALWAYS_SEARCH_USER_PATHS = NO;
				CLANG_ANALYZER_SECURITY_FLOATLOOPCOUNTER = YES;
				CLANG_ANALYZER_SECURITY_INSECUREAPI_RAND = YES;
				CLANG_ANALYZER_SECURITY_INSECUREAPI_STRCPY = YES;
				CLANG_CXX_LANGUAGE_STANDARD = "gnu++0x";
				CLANG_CXX_LIBRARY = "libc++";
				CLANG_ENABLE_MODULES = YES;
				CLANG_ENABLE_OBJC_ARC = YES;
				CLANG_WARN_ASSIGN_ENUM = YES;
				CLANG_WARN_BOOL_CONVERSION = YES;
				CLANG_WARN_CONSTANT_CONVERSION = YES;
				CLANG_WARN_CXX0X_EXTENSIONS = YES;
				CLANG_WARN_DEPRECATED_OBJC_IMPLEMENTATIONS = YES;
				CLANG_WARN_DIRECT_OBJC_ISA_USAGE = YES_ERROR;
				CLANG_WARN_DOCUMENTATION_COMMENTS = YES;
				CLANG_WARN_EMPTY_BODY = YES;
				CLANG_WARN_ENUM_CONVERSION = YES;
				CLANG_WARN_IMPLICIT_SIGN_CONVERSION = YES;
				CLANG_WARN_INFINITE_RECURSION = YES;
				CLANG_WARN_INT_CONVERSION = YES;
				CLANG_WARN_NULLABLE_TO_NONNULL_CONVERSION = YES;
				CLANG_WARN_OBJC_EXPLICIT_OWNERSHIP_TYPE = YES;
				CLANG_WARN_OBJC_IMPLICIT_ATOMIC_PROPERTIES = YES;
				CLANG_WARN_OBJC_IMPLICIT_RETAIN_SELF = YES;
				CLANG_WARN_OBJC_RECEIVER_WEAK = YES;
				CLANG_WARN_OBJC_REPEATED_USE_OF_WEAK = YES;
				CLANG_WARN_OBJC_ROOT_CLASS = YES_ERROR;
				CLANG_WARN_SUSPICIOUS_IMPLICIT_CONVERSION = YES;
				CLANG_WARN_SUSPICIOUS_MOVE = YES;
				CLANG_WARN_UNREACHABLE_CODE = YES;
				CLANG_WARN__DUPLICATE_METHOD_MATCH = YES;
				CLANG_WARN__EXIT_TIME_DESTRUCTORS = YES;
				COPY_PHASE_STRIP = NO;
				ENABLE_NS_ASSERTIONS = NO;
				ENABLE_STRICT_OBJC_MSGSEND = YES;
				GCC_C_LANGUAGE_STANDARD = gnu99;
				GCC_NO_COMMON_BLOCKS = YES;
				GCC_TREAT_IMPLICIT_FUNCTION_DECLARATIONS_AS_ERRORS = YES;
				GCC_TREAT_INCOMPATIBLE_POINTER_TYPE_WARNINGS_AS_ERRORS = YES;
				GCC_UNROLL_LOOPS = YES;
				GCC_WARN_64_TO_32_BIT_CONVERSION = YES;
				GCC_WARN_ABOUT_MISSING_FIELD_INITIALIZERS = YES;
				GCC_WARN_ABOUT_MISSING_NEWLINE = YES;
				GCC_WARN_ABOUT_MISSING_PROTOTYPES = YES;
				GCC_WARN_ABOUT_RETURN_TYPE = YES_ERROR;
				GCC_WARN_FOUR_CHARACTER_CONSTANTS = YES;
				GCC_WARN_HIDDEN_VIRTUAL_FUNCTIONS = YES;
				GCC_WARN_INITIALIZER_NOT_FULLY_BRACKETED = YES;
				GCC_WARN_MULTIPLE_DEFINITION_TYPES_FOR_SELECTOR = YES;
				GCC_WARN_NON_VIRTUAL_DESTRUCTOR = YES;
				GCC_WARN_PEDANTIC = YES;
				GCC_WARN_SHADOW = YES;
				GCC_WARN_SIGN_COMPARE = YES;
				GCC_WARN_STRICT_SELECTOR_MATCH = YES;
				GCC_WARN_UNDECLARED_SELECTOR = YES;
				GCC_WARN_UNINITIALIZED_AUTOS = YES_AGGRESSIVE;
				GCC_WARN_UNKNOWN_PRAGMAS = YES;
				GCC_WARN_UNUSED_FUNCTION = YES;
				GCC_WARN_UNUSED_LABEL = YES;
				GCC_WARN_UNUSED_PARAMETER = YES;
				GCC_WARN_UNUSED_VARIABLE = YES;
				IPHONEOS_DEPLOYMENT_TARGET = 8.0;
				MACOSX_DEPLOYMENT_TARGET = 10.9;
				MODULEMAP_FILE = "$(PROJECT_DIR)/Framework/module.modulemap";
				SDKROOT = iphoneos;
				TVOS_DEPLOYMENT_TARGET = 9.0;
				VALIDATE_PRODUCT = YES;
				WARNING_CFLAGS = (
					"-Wno-auto-import",
					"-Wno-objc-missing-property-synthesis",
					"-Wno-missing-variable-declarations",
					"-Wno-vla",
					"-Wno-gnu",
					"-Weverything",
				);
				WATCHOS_DEPLOYMENT_TARGET = 2.0;
			};
			name = Release;
		};
/* End XCBuildConfiguration section */

/* Begin XCConfigurationList section */
		BE119C2A1D2CDB840005E1D2 /* Build configuration list for PBXNativeTarget "RestGoateeCoreOSX" */ = {
			isa = XCConfigurationList;
			buildConfigurations = (
				BE119C2B1D2CDB840005E1D2 /* Debug */,
				BE119C2C1D2CDB840005E1D2 /* Release */,
			);
			defaultConfigurationIsVisible = 0;
			defaultConfigurationName = Debug;
		};
		BE119C371D2CDB930005E1D2 /* Build configuration list for PBXNativeTarget "RestGoateeCoretvOS" */ = {
			isa = XCConfigurationList;
			buildConfigurations = (
				BE119C381D2CDB930005E1D2 /* Debug */,
				BE119C391D2CDB930005E1D2 /* Release */,
			);
			defaultConfigurationIsVisible = 0;
			defaultConfigurationName = Debug;
		};
		BE119C441D2CDBB60005E1D2 /* Build configuration list for PBXNativeTarget "RestGoateeCorewatchOS" */ = {
			isa = XCConfigurationList;
			buildConfigurations = (
				BE119C451D2CDBB60005E1D2 /* Debug */,
				BE119C461D2CDBB60005E1D2 /* Release */,
			);
			defaultConfigurationIsVisible = 0;
			defaultConfigurationName = Debug;
		};
		BE20095D1BCA252000A9E8A0 /* Build configuration list for PBXNativeTarget "RestGoatee-Core-Tests" */ = {
			isa = XCConfigurationList;
			buildConfigurations = (
				BE20095E1BCA252000A9E8A0 /* Debug */,
				BE20095F1BCA252000A9E8A0 /* Release */,
			);
			defaultConfigurationIsVisible = 0;
			defaultConfigurationName = Debug;
		};
		BE73D2F41D2F641A0045202B /* Build configuration list for PBXAggregateTarget "OCLint" */ = {
			isa = XCConfigurationList;
			buildConfigurations = (
				BE73D2F51D2F641A0045202B /* Debug */,
				BE73D2F61D2F641A0045202B /* Release */,
			);
			defaultConfigurationIsVisible = 0;
			defaultConfigurationName = Debug;
		};
		BE9031D61D22582F00EAA44D /* Build configuration list for PBXNativeTarget "RestGoateeCoreiOS" */ = {
			isa = XCConfigurationList;
			buildConfigurations = (
				BE9031D71D22582F00EAA44D /* Debug */,
				BE9031D81D22582F00EAA44D /* Release */,
			);
			defaultConfigurationIsVisible = 0;
			defaultConfigurationName = Debug;
		};
		BEFFB83C1BBDB15900EAF95D /* Build configuration list for PBXProject "RestGoatee-Core" */ = {
			isa = XCConfigurationList;
			buildConfigurations = (
				BEFFB8531BBDB15900EAF95D /* Debug */,
				BEFFB8541BBDB15900EAF95D /* Release */,
			);
			defaultConfigurationIsVisible = 0;
			defaultConfigurationName = Debug;
		};
/* End XCConfigurationList section */
	};
	rootObject = BEFFB8391BBDB15900EAF95D /* Project object */;
}
