// !$*UTF8*$!
{
	archiveVersion = 1;
	classes = {
	};
	objectVersion = 46;
	objects = {

/* Begin PBXBuildFile section */
		BE20095A1BCA252000A9E8A0 /* libRestGoatee-Core.a in Frameworks */ = {isa = PBXBuildFile; fileRef = BEFFB8411BBDB15900EAF95D /* libRestGoatee-Core.a */; };
		BE2009651BCA27AE00A9E8A0 /* RGXMLNodeSpec.m in Sources */ = {isa = PBXBuildFile; fileRef = BE2009641BCA27AE00A9E8A0 /* RGXMLNodeSpec.m */; };
		BE2009691BCC29A900A9E8A0 /* NSObject+RG_DeserializationSpec.m in Sources */ = {isa = PBXBuildFile; fileRef = BE2009681BCC29A900A9E8A0 /* NSObject+RG_DeserializationSpec.m */; };
		BE68CA661BCF631200DFEC70 /* RGTestObject2.m in Sources */ = {isa = PBXBuildFile; fileRef = BE68CA631BCF631200DFEC70 /* RGTestObject2.m */; };
		BE68CA671BCF631200DFEC70 /* RGTestObject1.m in Sources */ = {isa = PBXBuildFile; fileRef = BE68CA651BCF631200DFEC70 /* RGTestObject1.m */; };
		BE68CA681BCF655700DFEC70 /* NSObject+RG_Deserialization.m in Sources */ = {isa = PBXBuildFile; fileRef = BEAB13B91BBDB4960027300D /* NSObject+RG_Deserialization.m */; };
		BE68CA691BCF658500DFEC70 /* NSObject+RG_KeyedSubscripting.m in Sources */ = {isa = PBXBuildFile; fileRef = BEAB13BB1BBDB4960027300D /* NSObject+RG_KeyedSubscripting.m */; };
		BE68CA6C1BCF65B100DFEC70 /* RGXMLNode+RGDataSourceProtocol.m in Sources */ = {isa = PBXBuildFile; fileRef = BEAB13C31BBDB4960027300D /* RGXMLNode+RGDataSourceProtocol.m */; };
		BE68CA6F1BCF6D8900DFEC70 /* NSString+RGCanonicalValue.m in Sources */ = {isa = PBXBuildFile; fileRef = BE68CA6E1BCF6D8900DFEC70 /* NSString+RGCanonicalValue.m */; };
		BE68CA701BCF833D00DFEC70 /* NSString+RGCanonicalValue.m in Sources */ = {isa = PBXBuildFile; fileRef = BE68CA6E1BCF6D8900DFEC70 /* NSString+RGCanonicalValue.m */; };
		BEAB13C61BBDB4960027300D /* RestGoatee-Core.m in Sources */ = {isa = PBXBuildFile; fileRef = BEAB13B71BBDB4960027300D /* RestGoatee-Core.m */; };
		BEAB13C71BBDB4960027300D /* NSObject+RG_Deserialization.m in Sources */ = {isa = PBXBuildFile; fileRef = BEAB13B91BBDB4960027300D /* NSObject+RG_Deserialization.m */; };
		BEAB13C81BBDB4960027300D /* NSObject+RG_KeyedSubscripting.m in Sources */ = {isa = PBXBuildFile; fileRef = BEAB13BB1BBDB4960027300D /* NSObject+RG_KeyedSubscripting.m */; };
		BEAB13C91BBDB4960027300D /* NSObject+RG_Serialization.m in Sources */ = {isa = PBXBuildFile; fileRef = BEAB13BD1BBDB4960027300D /* NSObject+RG_Serialization.m */; };
		BEAB13CA1BBDB4960027300D /* NSObject+RG_SharedImpl.m in Sources */ = {isa = PBXBuildFile; fileRef = BEAB13BF1BBDB4960027300D /* NSObject+RG_SharedImpl.m */; };
		BEAB13CB1BBDB4960027300D /* RGXMLNode.m in Sources */ = {isa = PBXBuildFile; fileRef = BEAB13C11BBDB4960027300D /* RGXMLNode.m */; };
		BEAB13CC1BBDB4960027300D /* RGXMLNode+RGDataSourceProtocol.m in Sources */ = {isa = PBXBuildFile; fileRef = BEAB13C31BBDB4960027300D /* RGXMLNode+RGDataSourceProtocol.m */; };
		BEAB13CD1BBDB4960027300D /* RGXMLSerializer.m in Sources */ = {isa = PBXBuildFile; fileRef = BEAB13C51BBDB4960027300D /* RGXMLSerializer.m */; };
		BEF4BE5E1BD346EA00ACDAF7 /* NSString+RGCanonicalValueSpec.m in Sources */ = {isa = PBXBuildFile; fileRef = BEF4BE5D1BD346EA00ACDAF7 /* NSString+RGCanonicalValueSpec.m */; };
		BEF4BE601BD49D8000ACDAF7 /* NSObject+RG_KeyedSubscriptingSpec.m in Sources */ = {isa = PBXBuildFile; fileRef = BEF4BE5F1BD49D8000ACDAF7 /* NSObject+RG_KeyedSubscriptingSpec.m */; };
		BEF4BE621BD4A0B600ACDAF7 /* RGXMLSerializerSpec.m in Sources */ = {isa = PBXBuildFile; fileRef = BEF4BE611BD4A0B600ACDAF7 /* RGXMLSerializerSpec.m */; };
		BEF4BE641BD4B24A00ACDAF7 /* RGDataSourceProtocolSpec.m in Sources */ = {isa = PBXBuildFile; fileRef = BEF4BE631BD4B24A00ACDAF7 /* RGDataSourceProtocolSpec.m */; };
		BEF4BE651BD4B4ED00ACDAF7 /* NSObject+RG_Serialization.m in Sources */ = {isa = PBXBuildFile; fileRef = BEAB13BD1BBDB4960027300D /* NSObject+RG_Serialization.m */; };
		BEF4BE691BD4BEE100ACDAF7 /* RGDeserializationDelegateSpec.m in Sources */ = {isa = PBXBuildFile; fileRef = BEF4BE681BD4BEE100ACDAF7 /* RGDeserializationDelegateSpec.m */; };
		BEF4BE6B1BD4C54300ACDAF7 /* RGXMLNode+RGDataSourceProtocolSpec.m in Sources */ = {isa = PBXBuildFile; fileRef = BEF4BE6A1BD4C54300ACDAF7 /* RGXMLNode+RGDataSourceProtocolSpec.m */; };
		BEF4BE6D1BD58BFC00ACDAF7 /* NSObject+RG_SharedImplSpec.m in Sources */ = {isa = PBXBuildFile; fileRef = BEF4BE6C1BD58BFC00ACDAF7 /* NSObject+RG_SharedImplSpec.m */; };
		BEF4BE6E1BD58C3B00ACDAF7 /* NSObject+RG_SharedImpl.m in Sources */ = {isa = PBXBuildFile; fileRef = BEAB13BF1BBDB4960027300D /* NSObject+RG_SharedImpl.m */; };
/* End PBXBuildFile section */

/* Begin PBXContainerItemProxy section */
		BE20095B1BCA252000A9E8A0 /* PBXContainerItemProxy */ = {
			isa = PBXContainerItemProxy;
			containerPortal = BEFFB8391BBDB15900EAF95D /* Project object */;
			proxyType = 1;
			remoteGlobalIDString = BEFFB8401BBDB15900EAF95D;
			remoteInfo = "RestGoatee-Core";
		};
/* End PBXContainerItemProxy section */

/* Begin PBXCopyFilesBuildPhase section */
		BEFFB83F1BBDB15900EAF95D /* CopyFiles */ = {
			isa = PBXCopyFilesBuildPhase;
			buildActionMask = 2147483647;
			dstPath = "include/$(PRODUCT_NAME)";
			dstSubfolderSpec = 16;
			files = (
			);
			runOnlyForDeploymentPostprocessing = 0;
		};
/* End PBXCopyFilesBuildPhase section */

/* Begin PBXFileReference section */
		BE2009541BCA252000A9E8A0 /* RestGoatee-Core-Tests.xctest */ = {isa = PBXFileReference; explicitFileType = wrapper.cfbundle; includeInIndex = 0; path = "RestGoatee-Core-Tests.xctest"; sourceTree = BUILT_PRODUCTS_DIR; };
		BE2009571BCA252000A9E8A0 /* Info.plist */ = {isa = PBXFileReference; lastKnownFileType = text.plist.xml; path = Info.plist; sourceTree = "<group>"; };
		BE2009631BCA265F00A9E8A0 /* RestGoatee-Core-Tests.pch */ = {isa = PBXFileReference; lastKnownFileType = sourcecode.c.h; path = "RestGoatee-Core-Tests.pch"; sourceTree = "<group>"; };
		BE2009641BCA27AE00A9E8A0 /* RGXMLNodeSpec.m */ = {isa = PBXFileReference; fileEncoding = 4; lastKnownFileType = sourcecode.c.objc; path = RGXMLNodeSpec.m; sourceTree = "<group>"; };
		BE2009681BCC29A900A9E8A0 /* NSObject+RG_DeserializationSpec.m */ = {isa = PBXFileReference; fileEncoding = 4; lastKnownFileType = sourcecode.c.objc; path = "NSObject+RG_DeserializationSpec.m"; sourceTree = "<group>"; };
		BE20096B1BCC2AA700A9E8A0 /* RGDataSourceProtocol.h */ = {isa = PBXFileReference; lastKnownFileType = sourcecode.c.h; path = RGDataSourceProtocol.h; sourceTree = "<group>"; };
		BE20096C1BCC2B1F00A9E8A0 /* RGDeserializationDelegate.h */ = {isa = PBXFileReference; lastKnownFileType = sourcecode.c.h; path = RGDeserializationDelegate.h; sourceTree = "<group>"; };
		BE68CA621BCF631200DFEC70 /* RGTestObject1.h */ = {isa = PBXFileReference; fileEncoding = 4; lastKnownFileType = sourcecode.c.h; path = RGTestObject1.h; sourceTree = "<group>"; };
		BE68CA631BCF631200DFEC70 /* RGTestObject2.m */ = {isa = PBXFileReference; fileEncoding = 4; lastKnownFileType = sourcecode.c.objc; path = RGTestObject2.m; sourceTree = "<group>"; };
		BE68CA641BCF631200DFEC70 /* RGTestObject2.h */ = {isa = PBXFileReference; fileEncoding = 4; lastKnownFileType = sourcecode.c.h; path = RGTestObject2.h; sourceTree = "<group>"; };
		BE68CA651BCF631200DFEC70 /* RGTestObject1.m */ = {isa = PBXFileReference; fileEncoding = 4; lastKnownFileType = sourcecode.c.objc; path = RGTestObject1.m; sourceTree = "<group>"; };
		BE68CA6D1BCF6D8900DFEC70 /* NSString+RGCanonicalValue.h */ = {isa = PBXFileReference; fileEncoding = 4; lastKnownFileType = sourcecode.c.h; path = "NSString+RGCanonicalValue.h"; sourceTree = "<group>"; };
		BE68CA6E1BCF6D8900DFEC70 /* NSString+RGCanonicalValue.m */ = {isa = PBXFileReference; fileEncoding = 4; lastKnownFileType = sourcecode.c.objc; path = "NSString+RGCanonicalValue.m"; sourceTree = "<group>"; };
		BEAB13B51BBDB45A0027300D /* RestGoatee-Core.podspec */ = {isa = PBXFileReference; explicitFileType = text.script.ruby; fileEncoding = 4; path = "RestGoatee-Core.podspec"; sourceTree = "<group>"; };
		BEAB13B61BBDB4960027300D /* RestGoatee-Core.h */ = {isa = PBXFileReference; fileEncoding = 4; lastKnownFileType = sourcecode.c.h; path = "RestGoatee-Core.h"; sourceTree = "<group>"; };
		BEAB13B71BBDB4960027300D /* RestGoatee-Core.m */ = {isa = PBXFileReference; fileEncoding = 4; lastKnownFileType = sourcecode.c.objc; path = "RestGoatee-Core.m"; sourceTree = "<group>"; };
		BEAB13B81BBDB4960027300D /* NSObject+RG_Deserialization.h */ = {isa = PBXFileReference; fileEncoding = 4; lastKnownFileType = sourcecode.c.h; path = "NSObject+RG_Deserialization.h"; sourceTree = "<group>"; };
		BEAB13B91BBDB4960027300D /* NSObject+RG_Deserialization.m */ = {isa = PBXFileReference; fileEncoding = 4; lastKnownFileType = sourcecode.c.objc; path = "NSObject+RG_Deserialization.m"; sourceTree = "<group>"; };
		BEAB13BA1BBDB4960027300D /* NSObject+RG_KeyedSubscripting.h */ = {isa = PBXFileReference; fileEncoding = 4; lastKnownFileType = sourcecode.c.h; path = "NSObject+RG_KeyedSubscripting.h"; sourceTree = "<group>"; };
		BEAB13BB1BBDB4960027300D /* NSObject+RG_KeyedSubscripting.m */ = {isa = PBXFileReference; fileEncoding = 4; lastKnownFileType = sourcecode.c.objc; path = "NSObject+RG_KeyedSubscripting.m"; sourceTree = "<group>"; };
		BEAB13BC1BBDB4960027300D /* NSObject+RG_Serialization.h */ = {isa = PBXFileReference; fileEncoding = 4; lastKnownFileType = sourcecode.c.h; path = "NSObject+RG_Serialization.h"; sourceTree = "<group>"; };
		BEAB13BD1BBDB4960027300D /* NSObject+RG_Serialization.m */ = {isa = PBXFileReference; fileEncoding = 4; lastKnownFileType = sourcecode.c.objc; path = "NSObject+RG_Serialization.m"; sourceTree = "<group>"; };
		BEAB13BE1BBDB4960027300D /* NSObject+RG_SharedImpl.h */ = {isa = PBXFileReference; fileEncoding = 4; lastKnownFileType = sourcecode.c.h; path = "NSObject+RG_SharedImpl.h"; sourceTree = "<group>"; };
		BEAB13BF1BBDB4960027300D /* NSObject+RG_SharedImpl.m */ = {isa = PBXFileReference; fileEncoding = 4; lastKnownFileType = sourcecode.c.objc; path = "NSObject+RG_SharedImpl.m"; sourceTree = "<group>"; };
		BEAB13C01BBDB4960027300D /* RGXMLNode.h */ = {isa = PBXFileReference; fileEncoding = 4; lastKnownFileType = sourcecode.c.h; path = RGXMLNode.h; sourceTree = "<group>"; };
		BEAB13C11BBDB4960027300D /* RGXMLNode.m */ = {isa = PBXFileReference; fileEncoding = 4; lastKnownFileType = sourcecode.c.objc; path = RGXMLNode.m; sourceTree = "<group>"; };
		BEAB13C21BBDB4960027300D /* RGXMLNode+RGDataSourceProtocol.h */ = {isa = PBXFileReference; fileEncoding = 4; lastKnownFileType = sourcecode.c.h; path = "RGXMLNode+RGDataSourceProtocol.h"; sourceTree = "<group>"; };
		BEAB13C31BBDB4960027300D /* RGXMLNode+RGDataSourceProtocol.m */ = {isa = PBXFileReference; fileEncoding = 4; lastKnownFileType = sourcecode.c.objc; path = "RGXMLNode+RGDataSourceProtocol.m"; sourceTree = "<group>"; };
		BEAB13C41BBDB4960027300D /* RGXMLSerializer.h */ = {isa = PBXFileReference; fileEncoding = 4; lastKnownFileType = sourcecode.c.h; path = RGXMLSerializer.h; sourceTree = "<group>"; };
		BEAB13C51BBDB4960027300D /* RGXMLSerializer.m */ = {isa = PBXFileReference; fileEncoding = 4; lastKnownFileType = sourcecode.c.objc; path = RGXMLSerializer.m; sourceTree = "<group>"; };
		BEAB13CF1BBDB5530027300D /* RestGoatee-Core.pch */ = {isa = PBXFileReference; lastKnownFileType = sourcecode.c.h; path = "RestGoatee-Core.pch"; sourceTree = "<group>"; };
		BEAE72301BD9700700F23ABE /* RGDefines.h */ = {isa = PBXFileReference; lastKnownFileType = sourcecode.c.h; name = RGDefines.h; path = ../RGDefines.h; sourceTree = "<group>"; };
		BEF4BE5D1BD346EA00ACDAF7 /* NSString+RGCanonicalValueSpec.m */ = {isa = PBXFileReference; fileEncoding = 4; lastKnownFileType = sourcecode.c.objc; path = "NSString+RGCanonicalValueSpec.m"; sourceTree = "<group>"; };
		BEF4BE5F1BD49D8000ACDAF7 /* NSObject+RG_KeyedSubscriptingSpec.m */ = {isa = PBXFileReference; fileEncoding = 4; lastKnownFileType = sourcecode.c.objc; path = "NSObject+RG_KeyedSubscriptingSpec.m"; sourceTree = "<group>"; };
		BEF4BE611BD4A0B600ACDAF7 /* RGXMLSerializerSpec.m */ = {isa = PBXFileReference; fileEncoding = 4; lastKnownFileType = sourcecode.c.objc; path = RGXMLSerializerSpec.m; sourceTree = "<group>"; };
		BEF4BE631BD4B24A00ACDAF7 /* RGDataSourceProtocolSpec.m */ = {isa = PBXFileReference; fileEncoding = 4; lastKnownFileType = sourcecode.c.objc; path = RGDataSourceProtocolSpec.m; sourceTree = "<group>"; };
		BEF4BE681BD4BEE100ACDAF7 /* RGDeserializationDelegateSpec.m */ = {isa = PBXFileReference; fileEncoding = 4; lastKnownFileType = sourcecode.c.objc; path = RGDeserializationDelegateSpec.m; sourceTree = "<group>"; };
		BEF4BE6A1BD4C54300ACDAF7 /* RGXMLNode+RGDataSourceProtocolSpec.m */ = {isa = PBXFileReference; fileEncoding = 4; lastKnownFileType = sourcecode.c.objc; path = "RGXMLNode+RGDataSourceProtocolSpec.m"; sourceTree = "<group>"; };
		BEF4BE6C1BD58BFC00ACDAF7 /* NSObject+RG_SharedImplSpec.m */ = {isa = PBXFileReference; fileEncoding = 4; lastKnownFileType = sourcecode.c.objc; path = "NSObject+RG_SharedImplSpec.m"; sourceTree = "<group>"; };
		BEFFB8411BBDB15900EAF95D /* libRestGoatee-Core.a */ = {isa = PBXFileReference; explicitFileType = archive.ar; includeInIndex = 0; path = "libRestGoatee-Core.a"; sourceTree = BUILT_PRODUCTS_DIR; };
/* End PBXFileReference section */

/* Begin PBXFrameworksBuildPhase section */
		BE2009511BCA252000A9E8A0 /* Frameworks */ = {
			isa = PBXFrameworksBuildPhase;
			buildActionMask = 2147483647;
			files = (
				BE20095A1BCA252000A9E8A0 /* libRestGoatee-Core.a in Frameworks */,
			);
			runOnlyForDeploymentPostprocessing = 0;
		};
		BEFFB83E1BBDB15900EAF95D /* Frameworks */ = {
			isa = PBXFrameworksBuildPhase;
			buildActionMask = 2147483647;
			files = (
			);
			runOnlyForDeploymentPostprocessing = 0;
		};
/* End PBXFrameworksBuildPhase section */

/* Begin PBXGroup section */
		BE2009551BCA252000A9E8A0 /* RestGoatee-Core-Tests */ = {
			isa = PBXGroup;
			children = (
				BE20096D1BCC2BE400A9E8A0 /* ProtocolSpecs */,
				BE2009611BCA25BC00A9E8A0 /* CategorySpecs */,
				BE2009621BCA262500A9E8A0 /* ClassSpecs */,
				BE2009561BCA252000A9E8A0 /* Supporting Files */,
			);
			path = "RestGoatee-Core-Tests";
			sourceTree = "<group>";
		};
		BE2009561BCA252000A9E8A0 /* Supporting Files */ = {
			isa = PBXGroup;
			children = (
				BE68CA621BCF631200DFEC70 /* RGTestObject1.h */,
				BE68CA651BCF631200DFEC70 /* RGTestObject1.m */,
				BE68CA641BCF631200DFEC70 /* RGTestObject2.h */,
				BE68CA631BCF631200DFEC70 /* RGTestObject2.m */,
				BE2009631BCA265F00A9E8A0 /* RestGoatee-Core-Tests.pch */,
				BE2009571BCA252000A9E8A0 /* Info.plist */,
			);
			name = "Supporting Files";
			sourceTree = "<group>";
		};
		BE2009611BCA25BC00A9E8A0 /* CategorySpecs */ = {
			isa = PBXGroup;
			children = (
				BE2009681BCC29A900A9E8A0 /* NSObject+RG_DeserializationSpec.m */,
				BEF4BE5F1BD49D8000ACDAF7 /* NSObject+RG_KeyedSubscriptingSpec.m */,
				BEF4BE6C1BD58BFC00ACDAF7 /* NSObject+RG_SharedImplSpec.m */,
				BEF4BE6A1BD4C54300ACDAF7 /* RGXMLNode+RGDataSourceProtocolSpec.m */,
				BEF4BE5D1BD346EA00ACDAF7 /* NSString+RGCanonicalValueSpec.m */,
			);
			name = CategorySpecs;
			sourceTree = "<group>";
		};
		BE2009621BCA262500A9E8A0 /* ClassSpecs */ = {
			isa = PBXGroup;
			children = (
				BE2009641BCA27AE00A9E8A0 /* RGXMLNodeSpec.m */,
				BEF4BE611BD4A0B600ACDAF7 /* RGXMLSerializerSpec.m */,
			);
			name = ClassSpecs;
			sourceTree = "<group>";
		};
		BE2009661BCB70D000A9E8A0 /* Classes */ = {
			isa = PBXGroup;
			children = (
				BEAB13C01BBDB4960027300D /* RGXMLNode.h */,
				BEAB13C11BBDB4960027300D /* RGXMLNode.m */,
				BEAB13C41BBDB4960027300D /* RGXMLSerializer.h */,
				BEAB13C51BBDB4960027300D /* RGXMLSerializer.m */,
			);
			name = Classes;
			sourceTree = "<group>";
		};
		BE2009671BCB70DA00A9E8A0 /* Categories */ = {
			isa = PBXGroup;
			children = (
				BEAB13B81BBDB4960027300D /* NSObject+RG_Deserialization.h */,
				BEAB13B91BBDB4960027300D /* NSObject+RG_Deserialization.m */,
				BEAB13BA1BBDB4960027300D /* NSObject+RG_KeyedSubscripting.h */,
				BEAB13BB1BBDB4960027300D /* NSObject+RG_KeyedSubscripting.m */,
				BEAB13BC1BBDB4960027300D /* NSObject+RG_Serialization.h */,
				BEAB13BD1BBDB4960027300D /* NSObject+RG_Serialization.m */,
				BEAB13BE1BBDB4960027300D /* NSObject+RG_SharedImpl.h */,
				BEAB13BF1BBDB4960027300D /* NSObject+RG_SharedImpl.m */,
				BEAB13C21BBDB4960027300D /* RGXMLNode+RGDataSourceProtocol.h */,
				BEAB13C31BBDB4960027300D /* RGXMLNode+RGDataSourceProtocol.m */,
				BE68CA6D1BCF6D8900DFEC70 /* NSString+RGCanonicalValue.h */,
				BE68CA6E1BCF6D8900DFEC70 /* NSString+RGCanonicalValue.m */,
			);
			name = Categories;
			sourceTree = "<group>";
		};
		BE20096A1BCC2A7800A9E8A0 /* Protocols */ = {
			isa = PBXGroup;
			children = (
				BE20096B1BCC2AA700A9E8A0 /* RGDataSourceProtocol.h */,
				BE20096C1BCC2B1F00A9E8A0 /* RGDeserializationDelegate.h */,
			);
			name = Protocols;
			sourceTree = "<group>";
		};
		BE20096D1BCC2BE400A9E8A0 /* ProtocolSpecs */ = {
			isa = PBXGroup;
			children = (
				BEF4BE631BD4B24A00ACDAF7 /* RGDataSourceProtocolSpec.m */,
				BEF4BE681BD4BEE100ACDAF7 /* RGDeserializationDelegateSpec.m */,
			);
			name = ProtocolSpecs;
			sourceTree = "<group>";
		};
		BEAB13CE1BBDB5370027300D /* SupportingFiles */ = {
			isa = PBXGroup;
			children = (
				BEAB13B51BBDB45A0027300D /* RestGoatee-Core.podspec */,
				BEAB13CF1BBDB5530027300D /* RestGoatee-Core.pch */,
			);
			name = SupportingFiles;
			sourceTree = "<group>";
		};
		BEFFB8381BBDB15900EAF95D = {
			isa = PBXGroup;
			children = (
				BEAB13CE1BBDB5370027300D /* SupportingFiles */,
				BEFFB8431BBDB15900EAF95D /* RestGoatee-Core */,
				BE2009551BCA252000A9E8A0 /* RestGoatee-Core-Tests */,
				BEFFB8421BBDB15900EAF95D /* Products */,
			);
			sourceTree = "<group>";
		};
		BEFFB8421BBDB15900EAF95D /* Products */ = {
			isa = PBXGroup;
			children = (
				BEFFB8411BBDB15900EAF95D /* libRestGoatee-Core.a */,
				BE2009541BCA252000A9E8A0 /* RestGoatee-Core-Tests.xctest */,
			);
			name = Products;
			sourceTree = "<group>";
		};
		BEFFB8431BBDB15900EAF95D /* RestGoatee-Core */ = {
			isa = PBXGroup;
			children = (
				BE20096A1BCC2A7800A9E8A0 /* Protocols */,
				BE2009671BCB70DA00A9E8A0 /* Categories */,
				BE2009661BCB70D000A9E8A0 /* Classes */,
				BEAE72301BD9700700F23ABE /* RGDefines.h */,
				BEAB13B61BBDB4960027300D /* RestGoatee-Core.h */,
				BEAB13B71BBDB4960027300D /* RestGoatee-Core.m */,
			);
			path = "RestGoatee-Core";
			sourceTree = "<group>";
		};
/* End PBXGroup section */

/* Begin PBXNativeTarget section */
		BE2009531BCA252000A9E8A0 /* RestGoatee-Core-Tests */ = {
			isa = PBXNativeTarget;
			buildConfigurationList = BE20095D1BCA252000A9E8A0 /* Build configuration list for PBXNativeTarget "RestGoatee-Core-Tests" */;
			buildPhases = (
				BE2009501BCA252000A9E8A0 /* Sources */,
				BE2009511BCA252000A9E8A0 /* Frameworks */,
				BE2009521BCA252000A9E8A0 /* Resources */,
			);
			buildRules = (
			);
			dependencies = (
				BE20095C1BCA252000A9E8A0 /* PBXTargetDependency */,
			);
			name = "RestGoatee-Core-Tests";
			productName = "RestGoatee-Core-Tests";
			productReference = BE2009541BCA252000A9E8A0 /* RestGoatee-Core-Tests.xctest */;
			productType = "com.apple.product-type.bundle.unit-test";
		};
		BEFFB8401BBDB15900EAF95D /* RestGoatee-Core */ = {
			isa = PBXNativeTarget;
			buildConfigurationList = BEFFB8551BBDB15900EAF95D /* Build configuration list for PBXNativeTarget "RestGoatee-Core" */;
			buildPhases = (
				BEFFB83D1BBDB15900EAF95D /* Sources */,
				BEFFB83E1BBDB15900EAF95D /* Frameworks */,
				BEFFB83F1BBDB15900EAF95D /* CopyFiles */,
			);
			buildRules = (
			);
			dependencies = (
			);
			name = "RestGoatee-Core";
			productName = "RestGoatee-Core";
			productReference = BEFFB8411BBDB15900EAF95D /* libRestGoatee-Core.a */;
			productType = "com.apple.product-type.library.static";
		};
/* End PBXNativeTarget section */

/* Begin PBXProject section */
		BEFFB8391BBDB15900EAF95D /* Project object */ = {
			isa = PBXProject;
			attributes = {
				LastUpgradeCheck = 0640;
				ORGANIZATIONNAME = RestGoatee;
				TargetAttributes = {
					BE2009531BCA252000A9E8A0 = {
						CreatedOnToolsVersion = 6.4;
					};
					BEFFB8401BBDB15900EAF95D = {
						CreatedOnToolsVersion = 6.4;
					};
				};
			};
			buildConfigurationList = BEFFB83C1BBDB15900EAF95D /* Build configuration list for PBXProject "RestGoatee-Core" */;
			compatibilityVersion = "Xcode 3.2";
			developmentRegion = English;
			hasScannedForEncodings = 0;
			knownRegions = (
				en,
			);
			mainGroup = BEFFB8381BBDB15900EAF95D;
			productRefGroup = BEFFB8421BBDB15900EAF95D /* Products */;
			projectDirPath = "";
			projectRoot = "";
			targets = (
				BEFFB8401BBDB15900EAF95D /* RestGoatee-Core */,
				BE2009531BCA252000A9E8A0 /* RestGoatee-Core-Tests */,
			);
		};
/* End PBXProject section */

/* Begin PBXResourcesBuildPhase section */
		BE2009521BCA252000A9E8A0 /* Resources */ = {
			isa = PBXResourcesBuildPhase;
			buildActionMask = 2147483647;
			files = (
			);
			runOnlyForDeploymentPostprocessing = 0;
		};
/* End PBXResourcesBuildPhase section */

/* Begin PBXSourcesBuildPhase section */
		BE2009501BCA252000A9E8A0 /* Sources */ = {
			isa = PBXSourcesBuildPhase;
			buildActionMask = 2147483647;
			files = (
				BE68CA691BCF658500DFEC70 /* NSObject+RG_KeyedSubscripting.m in Sources */,
				BE68CA661BCF631200DFEC70 /* RGTestObject2.m in Sources */,
				BE2009651BCA27AE00A9E8A0 /* RGXMLNodeSpec.m in Sources */,
				BEF4BE651BD4B4ED00ACDAF7 /* NSObject+RG_Serialization.m in Sources */,
				BE68CA6C1BCF65B100DFEC70 /* RGXMLNode+RGDataSourceProtocol.m in Sources */,
				BE2009691BCC29A900A9E8A0 /* NSObject+RG_DeserializationSpec.m in Sources */,
				BEF4BE6E1BD58C3B00ACDAF7 /* NSObject+RG_SharedImpl.m in Sources */,
				BEF4BE6D1BD58BFC00ACDAF7 /* NSObject+RG_SharedImplSpec.m in Sources */,
				BEF4BE601BD49D8000ACDAF7 /* NSObject+RG_KeyedSubscriptingSpec.m in Sources */,
				BEF4BE641BD4B24A00ACDAF7 /* RGDataSourceProtocolSpec.m in Sources */,
				BE68CA681BCF655700DFEC70 /* NSObject+RG_Deserialization.m in Sources */,
				BEF4BE691BD4BEE100ACDAF7 /* RGDeserializationDelegateSpec.m in Sources */,
				BE68CA671BCF631200DFEC70 /* RGTestObject1.m in Sources */,
				BEF4BE6B1BD4C54300ACDAF7 /* RGXMLNode+RGDataSourceProtocolSpec.m in Sources */,
				BEF4BE5E1BD346EA00ACDAF7 /* NSString+RGCanonicalValueSpec.m in Sources */,
				BE68CA701BCF833D00DFEC70 /* NSString+RGCanonicalValue.m in Sources */,
				BEF4BE621BD4A0B600ACDAF7 /* RGXMLSerializerSpec.m in Sources */,
			);
			runOnlyForDeploymentPostprocessing = 0;
		};
		BEFFB83D1BBDB15900EAF95D /* Sources */ = {
			isa = PBXSourcesBuildPhase;
			buildActionMask = 2147483647;
			files = (
				BEAB13CD1BBDB4960027300D /* RGXMLSerializer.m in Sources */,
				BEAB13CC1BBDB4960027300D /* RGXMLNode+RGDataSourceProtocol.m in Sources */,
				BEAB13CB1BBDB4960027300D /* RGXMLNode.m in Sources */,
				BEAB13CA1BBDB4960027300D /* NSObject+RG_SharedImpl.m in Sources */,
				BEAB13C81BBDB4960027300D /* NSObject+RG_KeyedSubscripting.m in Sources */,
				BEAB13C71BBDB4960027300D /* NSObject+RG_Deserialization.m in Sources */,
				BEAB13C61BBDB4960027300D /* RestGoatee-Core.m in Sources */,
				BEAB13C91BBDB4960027300D /* NSObject+RG_Serialization.m in Sources */,
				BE68CA6F1BCF6D8900DFEC70 /* NSString+RGCanonicalValue.m in Sources */,
			);
			runOnlyForDeploymentPostprocessing = 0;
		};
/* End PBXSourcesBuildPhase section */

/* Begin PBXTargetDependency section */
		BE20095C1BCA252000A9E8A0 /* PBXTargetDependency */ = {
			isa = PBXTargetDependency;
			target = BEFFB8401BBDB15900EAF95D /* RestGoatee-Core */;
			targetProxy = BE20095B1BCA252000A9E8A0 /* PBXContainerItemProxy */;
		};
/* End PBXTargetDependency section */

/* Begin XCBuildConfiguration section */
		BE20095E1BCA252000A9E8A0 /* Debug */ = {
			isa = XCBuildConfiguration;
			buildSettings = {
				CLANG_CXX_LANGUAGE_STANDARD = "gnu++0x";
				CLANG_CXX_LIBRARY = "libc++";
				COPY_PHASE_STRIP = NO;
				DEBUG_INFORMATION_FORMAT = "dwarf-with-dsym";
				GCC_DYNAMIC_NO_PIC = NO;
				GCC_NO_COMMON_BLOCKS = YES;
				GCC_PREFIX_HEADER = "RestGoatee-Core-Tests/RestGoatee-Core-Tests.pch";
				GCC_PREPROCESSOR_DEFINITIONS = (
					"DEBUG=1",
					"$(inherited)",
				);
				GCC_SYMBOLS_PRIVATE_EXTERN = NO;
				GCC_WARN_MULTIPLE_DEFINITION_TYPES_FOR_SELECTOR = NO;
				INFOPLIST_FILE = "RestGoatee-Core-Tests/Info.plist";
				IPHONEOS_DEPLOYMENT_TARGET = 8.4;
				LD_RUNPATH_SEARCH_PATHS = "$(inherited) @executable_path/Frameworks @loader_path/Frameworks";
				MTL_ENABLE_DEBUG_INFO = YES;
				ONLY_ACTIVE_ARCH = YES;
				PRODUCT_NAME = "$(TARGET_NAME)";
			};
			name = Debug;
		};
		BE20095F1BCA252000A9E8A0 /* Release */ = {
			isa = XCBuildConfiguration;
			buildSettings = {
				CLANG_CXX_LANGUAGE_STANDARD = "gnu++0x";
				CLANG_CXX_LIBRARY = "libc++";
				COPY_PHASE_STRIP = NO;
				DEBUG_INFORMATION_FORMAT = "dwarf-with-dsym";
				ENABLE_NS_ASSERTIONS = NO;
				GCC_NO_COMMON_BLOCKS = YES;
				GCC_OPTIMIZATION_LEVEL = 0;
				GCC_PREFIX_HEADER = "RestGoatee-Core-Tests/RestGoatee-Core-Tests.pch";
				GCC_WARN_MULTIPLE_DEFINITION_TYPES_FOR_SELECTOR = NO;
				INFOPLIST_FILE = "RestGoatee-Core-Tests/Info.plist";
				IPHONEOS_DEPLOYMENT_TARGET = 8.4;
				LD_RUNPATH_SEARCH_PATHS = "$(inherited) @executable_path/Frameworks @loader_path/Frameworks";
				MTL_ENABLE_DEBUG_INFO = NO;
				PRODUCT_NAME = "$(TARGET_NAME)";
				VALIDATE_PRODUCT = YES;
			};
			name = Release;
		};
		BEFFB8531BBDB15900EAF95D /* Debug */ = {
			isa = XCBuildConfiguration;
			buildSettings = {
				CLANG_ANALYZER_SECURITY_FLOATLOOPCOUNTER = YES;
				CLANG_ANALYZER_SECURITY_INSECUREAPI_RAND = YES;
				CLANG_ANALYZER_SECURITY_INSECUREAPI_STRCPY = YES;
				CLANG_ENABLE_MODULES = YES;
				CLANG_ENABLE_OBJC_ARC = YES;
				CLANG_WARN_ASSIGN_ENUM = YES;
				CLANG_WARN_BOOL_CONVERSION = YES;
				CLANG_WARN_CONSTANT_CONVERSION = YES;
				CLANG_WARN_CXX0X_EXTENSIONS = YES;
				CLANG_WARN_DEPRECATED_OBJC_IMPLEMENTATIONS = YES;
				CLANG_WARN_DIRECT_OBJC_ISA_USAGE = YES_ERROR;
				CLANG_WARN_EMPTY_BODY = YES;
				CLANG_WARN_ENUM_CONVERSION = YES;
				CLANG_WARN_IMPLICIT_SIGN_CONVERSION = YES;
				CLANG_WARN_INT_CONVERSION = YES;
				CLANG_WARN_OBJC_EXPLICIT_OWNERSHIP_TYPE = YES;
				CLANG_WARN_OBJC_IMPLICIT_ATOMIC_PROPERTIES = YES;
				CLANG_WARN_OBJC_IMPLICIT_RETAIN_SELF = YES;
				CLANG_WARN_OBJC_RECEIVER_WEAK = YES;
				CLANG_WARN_OBJC_REPEATED_USE_OF_WEAK = YES;
				CLANG_WARN_OBJC_ROOT_CLASS = YES_ERROR;
				CLANG_WARN_SUSPICIOUS_IMPLICIT_CONVERSION = YES;
				CLANG_WARN_UNREACHABLE_CODE = YES;
				CLANG_WARN__DUPLICATE_METHOD_MATCH = YES;
				CLANG_WARN__EXIT_TIME_DESTRUCTORS = YES;
				ENABLE_STRICT_OBJC_MSGSEND = YES;
				GCC_CW_ASM_SYNTAX = NO;
				GCC_C_LANGUAGE_STANDARD = gnu99;
				GCC_GENERATE_TEST_COVERAGE_FILES = YES;
				GCC_OPTIMIZATION_LEVEL = 0;
				GCC_PREFIX_HEADER = "RestGoatee-Core.pch";
				GCC_PREPROCESSOR_DEFINITIONS = "DEBUG=1";
				GCC_SYMBOLS_PRIVATE_EXTERN = YES;
				GCC_TREAT_IMPLICIT_FUNCTION_DECLARATIONS_AS_ERRORS = YES;
				GCC_TREAT_INCOMPATIBLE_POINTER_TYPE_WARNINGS_AS_ERRORS = YES;
				GCC_UNROLL_LOOPS = YES;
				GCC_WARN_64_TO_32_BIT_CONVERSION = YES;
				GCC_WARN_ABOUT_MISSING_FIELD_INITIALIZERS = YES;
				GCC_WARN_ABOUT_MISSING_NEWLINE = YES;
				GCC_WARN_ABOUT_MISSING_PROTOTYPES = YES;
				GCC_WARN_ABOUT_RETURN_TYPE = YES_ERROR;
				GCC_WARN_FOUR_CHARACTER_CONSTANTS = YES;
				GCC_WARN_HIDDEN_VIRTUAL_FUNCTIONS = YES;
				GCC_WARN_INITIALIZER_NOT_FULLY_BRACKETED = YES;
				GCC_WARN_MULTIPLE_DEFINITION_TYPES_FOR_SELECTOR = YES;
				GCC_WARN_NON_VIRTUAL_DESTRUCTOR = YES;
				GCC_WARN_PEDANTIC = YES;
				GCC_WARN_SHADOW = YES;
				GCC_WARN_SIGN_COMPARE = YES;
				GCC_WARN_STRICT_SELECTOR_MATCH = YES;
				GCC_WARN_UNDECLARED_SELECTOR = YES;
				GCC_WARN_UNINITIALIZED_AUTOS = YES_AGGRESSIVE;
				GCC_WARN_UNKNOWN_PRAGMAS = YES;
				GCC_WARN_UNUSED_FUNCTION = YES;
				GCC_WARN_UNUSED_LABEL = YES;
				GCC_WARN_UNUSED_PARAMETER = YES;
				GCC_WARN_UNUSED_VARIABLE = YES;
				LLVM_LTO = YES;
				SDKROOT = iphoneos;
			};
			name = Debug;
		};
		BEFFB8541BBDB15900EAF95D /* Release */ = {
			isa = XCBuildConfiguration;
			buildSettings = {
				CLANG_ANALYZER_SECURITY_FLOATLOOPCOUNTER = YES;
				CLANG_ANALYZER_SECURITY_INSECUREAPI_RAND = YES;
				CLANG_ANALYZER_SECURITY_INSECUREAPI_STRCPY = YES;
				CLANG_ENABLE_MODULES = YES;
				CLANG_ENABLE_OBJC_ARC = YES;
				CLANG_WARN_ASSIGN_ENUM = YES;
				CLANG_WARN_BOOL_CONVERSION = YES;
				CLANG_WARN_CONSTANT_CONVERSION = YES;
				CLANG_WARN_CXX0X_EXTENSIONS = YES;
				CLANG_WARN_DEPRECATED_OBJC_IMPLEMENTATIONS = YES;
				CLANG_WARN_DIRECT_OBJC_ISA_USAGE = YES_ERROR;
				CLANG_WARN_EMPTY_BODY = YES;
				CLANG_WARN_ENUM_CONVERSION = YES;
				CLANG_WARN_IMPLICIT_SIGN_CONVERSION = YES;
				CLANG_WARN_INT_CONVERSION = YES;
				CLANG_WARN_OBJC_EXPLICIT_OWNERSHIP_TYPE = YES;
				CLANG_WARN_OBJC_IMPLICIT_ATOMIC_PROPERTIES = YES;
				CLANG_WARN_OBJC_IMPLICIT_RETAIN_SELF = YES;
				CLANG_WARN_OBJC_RECEIVER_WEAK = YES;
				CLANG_WARN_OBJC_REPEATED_USE_OF_WEAK = YES;
				CLANG_WARN_OBJC_ROOT_CLASS = YES_ERROR;
				CLANG_WARN_SUSPICIOUS_IMPLICIT_CONVERSION = YES;
				CLANG_WARN_UNREACHABLE_CODE = YES;
				CLANG_WARN__DUPLICATE_METHOD_MATCH = YES;
				CLANG_WARN__EXIT_TIME_DESTRUCTORS = YES;
				ENABLE_STRICT_OBJC_MSGSEND = YES;
				GCC_CW_ASM_SYNTAX = NO;
				GCC_C_LANGUAGE_STANDARD = gnu99;
				GCC_GENERATE_TEST_COVERAGE_FILES = YES;
				GCC_OPTIMIZATION_LEVEL = 0;
				GCC_PREFIX_HEADER = "RestGoatee-Core.pch";
				GCC_SYMBOLS_PRIVATE_EXTERN = YES;
				GCC_TREAT_IMPLICIT_FUNCTION_DECLARATIONS_AS_ERRORS = YES;
				GCC_TREAT_INCOMPATIBLE_POINTER_TYPE_WARNINGS_AS_ERRORS = YES;
				GCC_UNROLL_LOOPS = YES;
				GCC_WARN_64_TO_32_BIT_CONVERSION = YES;
				GCC_WARN_ABOUT_MISSING_FIELD_INITIALIZERS = YES;
				GCC_WARN_ABOUT_MISSING_NEWLINE = YES;
				GCC_WARN_ABOUT_MISSING_PROTOTYPES = YES;
				GCC_WARN_ABOUT_RETURN_TYPE = YES_ERROR;
				GCC_WARN_FOUR_CHARACTER_CONSTANTS = YES;
				GCC_WARN_HIDDEN_VIRTUAL_FUNCTIONS = YES;
				GCC_WARN_INITIALIZER_NOT_FULLY_BRACKETED = YES;
				GCC_WARN_MULTIPLE_DEFINITION_TYPES_FOR_SELECTOR = YES;
				GCC_WARN_NON_VIRTUAL_DESTRUCTOR = YES;
				GCC_WARN_PEDANTIC = YES;
				GCC_WARN_SHADOW = YES;
				GCC_WARN_SIGN_COMPARE = YES;
				GCC_WARN_STRICT_SELECTOR_MATCH = YES;
				GCC_WARN_UNDECLARED_SELECTOR = YES;
				GCC_WARN_UNINITIALIZED_AUTOS = YES_AGGRESSIVE;
				GCC_WARN_UNKNOWN_PRAGMAS = YES;
				GCC_WARN_UNUSED_FUNCTION = YES;
				GCC_WARN_UNUSED_LABEL = YES;
				GCC_WARN_UNUSED_PARAMETER = YES;
				GCC_WARN_UNUSED_VARIABLE = YES;
				LLVM_LTO = YES;
				SDKROOT = iphoneos;
			};
			name = Release;
		};
		BEFFB8561BBDB15900EAF95D /* Debug */ = {
			isa = XCBuildConfiguration;
			buildSettings = {
				OTHER_LDFLAGS = "-load_all";
				PRODUCT_NAME = "$(TARGET_NAME)";
				SKIP_INSTALL = YES;
			};
			name = Debug;
		};
		BEFFB8571BBDB15900EAF95D /* Release */ = {
			isa = XCBuildConfiguration;
			buildSettings = {
				GCC_OPTIMIZATION_LEVEL = 0;
				OTHER_LDFLAGS = "-load_all";
				PRODUCT_NAME = "$(TARGET_NAME)";
				SKIP_INSTALL = YES;
			};
			name = Release;
		};
/* End XCBuildConfiguration section */

/* Begin XCConfigurationList section */
		BE20095D1BCA252000A9E8A0 /* Build configuration list for PBXNativeTarget "RestGoatee-Core-Tests" */ = {
			isa = XCConfigurationList;
			buildConfigurations = (
				BE20095E1BCA252000A9E8A0 /* Debug */,
				BE20095F1BCA252000A9E8A0 /* Release */,
			);
			defaultConfigurationIsVisible = 0;
			defaultConfigurationName = Release;
		};
		BEFFB83C1BBDB15900EAF95D /* Build configuration list for PBXProject "RestGoatee-Core" */ = {
			isa = XCConfigurationList;
			buildConfigurations = (
				BEFFB8531BBDB15900EAF95D /* Debug */,
				BEFFB8541BBDB15900EAF95D /* Release */,
			);
			defaultConfigurationIsVisible = 0;
			defaultConfigurationName = Release;
		};
		BEFFB8551BBDB15900EAF95D /* Build configuration list for PBXNativeTarget "RestGoatee-Core" */ = {
			isa = XCConfigurationList;
			buildConfigurations = (
				BEFFB8561BBDB15900EAF95D /* Debug */,
				BEFFB8571BBDB15900EAF95D /* Release */,
			);
			defaultConfigurationIsVisible = 0;
			defaultConfigurationName = Release;
		};
/* End XCConfigurationList section */
	};
	rootObject = BEFFB8391BBDB15900EAF95D /* Project object */;
}
